// !$*UTF8*$!
{
	archiveVersion = 1;
	classes = {
	};
	objectVersion = 46;
	objects = {

/* Begin PBXBuildFile section */
		CD34B31913A65C0C00B2B254 /* iphone.png in Resources */ = {isa = PBXBuildFile; fileRef = CD34B31813A65C0C00B2B254 /* iphone.png */; };
		CD3DA5B213A7A51000AFB54C /* NSObject+SBJSON.m in Sources */ = {isa = PBXBuildFile; fileRef = CD3DA5A713A7A51000AFB54C /* NSObject+SBJSON.m */; };
		CD3DA5B313A7A51000AFB54C /* NSString+SBJSON.m in Sources */ = {isa = PBXBuildFile; fileRef = CD3DA5A913A7A51000AFB54C /* NSString+SBJSON.m */; };
		CD3DA5B413A7A51000AFB54C /* SBJSON.m in Sources */ = {isa = PBXBuildFile; fileRef = CD3DA5AB13A7A51000AFB54C /* SBJSON.m */; };
		CD3DA5B513A7A51000AFB54C /* SBJsonBase.m in Sources */ = {isa = PBXBuildFile; fileRef = CD3DA5AD13A7A51000AFB54C /* SBJsonBase.m */; };
		CD3DA5B613A7A51000AFB54C /* SBJsonParser.m in Sources */ = {isa = PBXBuildFile; fileRef = CD3DA5AF13A7A51000AFB54C /* SBJsonParser.m */; };
		CD3DA5B713A7A51000AFB54C /* SBJsonWriter.m in Sources */ = {isa = PBXBuildFile; fileRef = CD3DA5B113A7A51000AFB54C /* SBJsonWriter.m */; };
		CD95F2F81411F73E00C42D70 /* DisclaimerViewController_iPad.m in Sources */ = {isa = PBXBuildFile; fileRef = CD95F2F61411F73E00C42D70 /* DisclaimerViewController_iPad.m */; };
		CD95F2F91411F73E00C42D70 /* DisclaimerViewController_iPad.xib in Resources */ = {isa = PBXBuildFile; fileRef = CD95F2F71411F73E00C42D70 /* DisclaimerViewController_iPad.xib */; };
		CD9E40D813A33B9300256BFF /* UIKit.framework in Frameworks */ = {isa = PBXBuildFile; fileRef = CD9E40D713A33B9300256BFF /* UIKit.framework */; };
		CD9E40DA13A33B9300256BFF /* Foundation.framework in Frameworks */ = {isa = PBXBuildFile; fileRef = CD9E40D913A33B9300256BFF /* Foundation.framework */; };
		CD9E40DC13A33B9300256BFF /* CoreGraphics.framework in Frameworks */ = {isa = PBXBuildFile; fileRef = CD9E40DB13A33B9300256BFF /* CoreGraphics.framework */; };
		CD9E40E213A33B9300256BFF /* InfoPlist.strings in Resources */ = {isa = PBXBuildFile; fileRef = CD9E40E013A33B9300256BFF /* InfoPlist.strings */; };
		CD9E40E513A33B9300256BFF /* main.m in Sources */ = {isa = PBXBuildFile; fileRef = CD9E40E413A33B9300256BFF /* main.m */; };
		CD9E40E813A33B9300256BFF /* GKCardAppDelegate.m in Sources */ = {isa = PBXBuildFile; fileRef = CD9E40E713A33B9300256BFF /* GKCardAppDelegate.m */; };
		CD9E40EC13A33B9300256BFF /* GKCardAppDelegate_iPhone.m in Sources */ = {isa = PBXBuildFile; fileRef = CD9E40EB13A33B9300256BFF /* GKCardAppDelegate_iPhone.m */; };
		CD9E40EF13A33B9300256BFF /* MainWindow_iPhone.xib in Resources */ = {isa = PBXBuildFile; fileRef = CD9E40ED13A33B9300256BFF /* MainWindow_iPhone.xib */; };
		CD9E40F313A33B9300256BFF /* GKCardAppDelegate_iPad.m in Sources */ = {isa = PBXBuildFile; fileRef = CD9E40F213A33B9300256BFF /* GKCardAppDelegate_iPad.m */; };
		CD9E40F613A33B9300256BFF /* MainWindow_iPad.xib in Resources */ = {isa = PBXBuildFile; fileRef = CD9E40F413A33B9300256BFF /* MainWindow_iPad.xib */; };
		CD9E40FF13A33C3F00256BFF /* GKCardViewController_iPhone.m in Sources */ = {isa = PBXBuildFile; fileRef = CD9E40FD13A33C3F00256BFF /* GKCardViewController_iPhone.m */; };
		CD9E410013A33C3F00256BFF /* GKCardViewController_iPhone.xib in Resources */ = {isa = PBXBuildFile; fileRef = CD9E40FE13A33C3F00256BFF /* GKCardViewController_iPhone.xib */; };
		CD9E410413A33C7800256BFF /* GKCardViewController_iPad.m in Sources */ = {isa = PBXBuildFile; fileRef = CD9E410213A33C7800256BFF /* GKCardViewController_iPad.m */; };
		CD9E410513A33C7800256BFF /* GKCardViewController_iPad.xib in Resources */ = {isa = PBXBuildFile; fileRef = CD9E410313A33C7800256BFF /* GKCardViewController_iPad.xib */; };
		CD9E410C13A34E4900256BFF /* 2_spades.png in Resources */ = {isa = PBXBuildFile; fileRef = CD9E410713A34E4900256BFF /* 2_spades.png */; };
		CD9E410D13A34E4900256BFF /* 9_club.png in Resources */ = {isa = PBXBuildFile; fileRef = CD9E410813A34E4900256BFF /* 9_club.png */; };
		CD9E410E13A34E4900256BFF /* a_heart.png in Resources */ = {isa = PBXBuildFile; fileRef = CD9E410913A34E4900256BFF /* a_heart.png */; };
		CD9E410F13A34E4900256BFF /* j_heart.png in Resources */ = {isa = PBXBuildFile; fileRef = CD9E410A13A34E4900256BFF /* j_heart.png */; };
		CD9E411013A34E4900256BFF /* poker_table.jpg in Resources */ = {isa = PBXBuildFile; fileRef = CD9E410B13A34E4900256BFF /* poker_table.jpg */; };
		CD9E411213A3523000256BFF /* backside.jpg in Resources */ = {isa = PBXBuildFile; fileRef = CD9E411113A3523000256BFF /* backside.jpg */; };
		CD9E411413A3648E00256BFF /* CardDeckList.plist in Resources */ = {isa = PBXBuildFile; fileRef = CD9E411313A3648E00256BFF /* CardDeckList.plist */; };
		CD9E411613A36CFA00256BFF /* QuartzCore.framework in Frameworks */ = {isa = PBXBuildFile; fileRef = CD9E411513A36CFA00256BFF /* QuartzCore.framework */; };
		CDDBB4A913A45A8D006D1970 /* GameKit.framework in Frameworks */ = {isa = PBXBuildFile; fileRef = CDDBB4A813A45A8D006D1970 /* GameKit.framework */; };
		CDDBB4AE13A465F7006D1970 /* GKPlayTableViewController_iPhone.m in Sources */ = {isa = PBXBuildFile; fileRef = CDDBB4AC13A465F7006D1970 /* GKPlayTableViewController_iPhone.m */; };
		CDDBB4AF13A465F7006D1970 /* GKPlayTableViewController_iPhone.xib in Resources */ = {isa = PBXBuildFile; fileRef = CDDBB4AD13A465F7006D1970 /* GKPlayTableViewController_iPhone.xib */; };
		CDDBB4B313A4661C006D1970 /* GKPlayTableViewController_iPad.m in Sources */ = {isa = PBXBuildFile; fileRef = CDDBB4B113A4661C006D1970 /* GKPlayTableViewController_iPad.m */; };
		CDDBB4B413A4661C006D1970 /* GKPlayTableViewController_iPad.xib in Resources */ = {isa = PBXBuildFile; fileRef = CDDBB4B213A4661C006D1970 /* GKPlayTableViewController_iPad.xib */; };
		CDDBB4B713A46D0F006D1970 /* card_casino_bg.jpg in Resources */ = {isa = PBXBuildFile; fileRef = CDDBB4B513A46D0F006D1970 /* card_casino_bg.jpg */; };
		CDDBB4B813A46D0F006D1970 /* poker_shiny.jpg in Resources */ = {isa = PBXBuildFile; fileRef = CDDBB4B613A46D0F006D1970 /* poker_shiny.jpg */; };
		CDEC519513B0E1A500E5FFD3 /* PeerIphoneViewController.m in Sources */ = {isa = PBXBuildFile; fileRef = CDEC519313B0E1A500E5FFD3 /* PeerIphoneViewController.m */; };
		CDEC519613B0E1A500E5FFD3 /* PeerIphoneViewController.xib in Resources */ = {isa = PBXBuildFile; fileRef = CDEC519413B0E1A500E5FFD3 /* PeerIphoneViewController.xib */; };
		CDF6701913C0A08A008DA83E /* club_10.png in Resources */ = {isa = PBXBuildFile; fileRef = CDF66FDE13C0A08A008DA83E /* club_10.png */; };
		CDF6701A13C0A08A008DA83E /* club_2.png in Resources */ = {isa = PBXBuildFile; fileRef = CDF66FDF13C0A08A008DA83E /* club_2.png */; };
		CDF6701B13C0A08A008DA83E /* club_3.png in Resources */ = {isa = PBXBuildFile; fileRef = CDF66FE013C0A08A008DA83E /* club_3.png */; };
		CDF6701C13C0A08A008DA83E /* club_4.png in Resources */ = {isa = PBXBuildFile; fileRef = CDF66FE113C0A08A008DA83E /* club_4.png */; };
		CDF6701D13C0A08A008DA83E /* club_5.png in Resources */ = {isa = PBXBuildFile; fileRef = CDF66FE213C0A08A008DA83E /* club_5.png */; };
		CDF6701E13C0A08A008DA83E /* club_6.png in Resources */ = {isa = PBXBuildFile; fileRef = CDF66FE313C0A08A008DA83E /* club_6.png */; };
		CDF6701F13C0A08A008DA83E /* club_7.png in Resources */ = {isa = PBXBuildFile; fileRef = CDF66FE413C0A08A008DA83E /* club_7.png */; };
		CDF6702013C0A08A008DA83E /* club_8.png in Resources */ = {isa = PBXBuildFile; fileRef = CDF66FE513C0A08A008DA83E /* club_8.png */; };
		CDF6702113C0A08A008DA83E /* club_9.png in Resources */ = {isa = PBXBuildFile; fileRef = CDF66FE613C0A08A008DA83E /* club_9.png */; };
		CDF6702213C0A08A008DA83E /* club_a.png in Resources */ = {isa = PBXBuildFile; fileRef = CDF66FE713C0A08A008DA83E /* club_a.png */; };
		CDF6702313C0A08A008DA83E /* club_j.png in Resources */ = {isa = PBXBuildFile; fileRef = CDF66FE813C0A08A008DA83E /* club_j.png */; };
		CDF6702413C0A08A008DA83E /* club_k.png in Resources */ = {isa = PBXBuildFile; fileRef = CDF66FE913C0A08A008DA83E /* club_k.png */; };
		CDF6702513C0A08A008DA83E /* club_q.png in Resources */ = {isa = PBXBuildFile; fileRef = CDF66FEA13C0A08A008DA83E /* club_q.png */; };
		CDF6702613C0A08A008DA83E /* diamond_10.png in Resources */ = {isa = PBXBuildFile; fileRef = CDF66FEC13C0A08A008DA83E /* diamond_10.png */; };
		CDF6702713C0A08A008DA83E /* diamond_2.png in Resources */ = {isa = PBXBuildFile; fileRef = CDF66FED13C0A08A008DA83E /* diamond_2.png */; };
		CDF6702813C0A08A008DA83E /* diamond_3.png in Resources */ = {isa = PBXBuildFile; fileRef = CDF66FEE13C0A08A008DA83E /* diamond_3.png */; };
		CDF6702913C0A08A008DA83E /* diamond_4.png in Resources */ = {isa = PBXBuildFile; fileRef = CDF66FEF13C0A08A008DA83E /* diamond_4.png */; };
		CDF6702A13C0A08A008DA83E /* diamond_5.png in Resources */ = {isa = PBXBuildFile; fileRef = CDF66FF013C0A08A008DA83E /* diamond_5.png */; };
		CDF6702B13C0A08A008DA83E /* diamond_6.png in Resources */ = {isa = PBXBuildFile; fileRef = CDF66FF113C0A08A008DA83E /* diamond_6.png */; };
		CDF6702C13C0A08A008DA83E /* diamond_7.png in Resources */ = {isa = PBXBuildFile; fileRef = CDF66FF213C0A08A008DA83E /* diamond_7.png */; };
		CDF6702D13C0A08A008DA83E /* diamond_8.png in Resources */ = {isa = PBXBuildFile; fileRef = CDF66FF313C0A08A008DA83E /* diamond_8.png */; };
		CDF6702E13C0A08A008DA83E /* diamond_9.png in Resources */ = {isa = PBXBuildFile; fileRef = CDF66FF413C0A08A008DA83E /* diamond_9.png */; };
		CDF6702F13C0A08A008DA83E /* diamond_a.png in Resources */ = {isa = PBXBuildFile; fileRef = CDF66FF513C0A08A008DA83E /* diamond_a.png */; };
		CDF6703013C0A08A008DA83E /* diamond_j.png in Resources */ = {isa = PBXBuildFile; fileRef = CDF66FF613C0A08A008DA83E /* diamond_j.png */; };
		CDF6703113C0A08A008DA83E /* diamond_k.png in Resources */ = {isa = PBXBuildFile; fileRef = CDF66FF713C0A08A008DA83E /* diamond_k.png */; };
		CDF6703213C0A08A008DA83E /* diamond_q.png in Resources */ = {isa = PBXBuildFile; fileRef = CDF66FF813C0A08A008DA83E /* diamond_q.png */; };
		CDF6703313C0A08A008DA83E /* heart_10.png in Resources */ = {isa = PBXBuildFile; fileRef = CDF66FFA13C0A08A008DA83E /* heart_10.png */; };
		CDF6703413C0A08A008DA83E /* heart_2.png in Resources */ = {isa = PBXBuildFile; fileRef = CDF66FFB13C0A08A008DA83E /* heart_2.png */; };
		CDF6703513C0A08A008DA83E /* heart_3.png in Resources */ = {isa = PBXBuildFile; fileRef = CDF66FFC13C0A08A008DA83E /* heart_3.png */; };
		CDF6703613C0A08A008DA83E /* heart_4.png in Resources */ = {isa = PBXBuildFile; fileRef = CDF66FFD13C0A08A008DA83E /* heart_4.png */; };
		CDF6703713C0A08A008DA83E /* heart_5.png in Resources */ = {isa = PBXBuildFile; fileRef = CDF66FFE13C0A08A008DA83E /* heart_5.png */; };
		CDF6703813C0A08A008DA83E /* heart_6.png in Resources */ = {isa = PBXBuildFile; fileRef = CDF66FFF13C0A08A008DA83E /* heart_6.png */; };
		CDF6703913C0A08A008DA83E /* heart_7.png in Resources */ = {isa = PBXBuildFile; fileRef = CDF6700013C0A08A008DA83E /* heart_7.png */; };
		CDF6703A13C0A08A008DA83E /* heart_8.png in Resources */ = {isa = PBXBuildFile; fileRef = CDF6700113C0A08A008DA83E /* heart_8.png */; };
		CDF6703B13C0A08A008DA83E /* heart_9.png in Resources */ = {isa = PBXBuildFile; fileRef = CDF6700213C0A08A008DA83E /* heart_9.png */; };
		CDF6703C13C0A08A008DA83E /* heart_j.png in Resources */ = {isa = PBXBuildFile; fileRef = CDF6700313C0A08A008DA83E /* heart_j.png */; };
		CDF6703D13C0A08A008DA83E /* heart_k.png in Resources */ = {isa = PBXBuildFile; fileRef = CDF6700413C0A08A008DA83E /* heart_k.png */; };
		CDF6703E13C0A08A008DA83E /* heart_q.png in Resources */ = {isa = PBXBuildFile; fileRef = CDF6700513C0A08A008DA83E /* heart_q.png */; };
		CDF6703F13C0A08A008DA83E /* heart_a.png in Resources */ = {isa = PBXBuildFile; fileRef = CDF6700613C0A08A008DA83E /* heart_a.png */; };
		CDF6704013C0A08A008DA83E /* card_backside_blue.png in Resources */ = {isa = PBXBuildFile; fileRef = CDF6700813C0A08A008DA83E /* card_backside_blue.png */; };
		CDF6704113C0A08A008DA83E /* card_backside_red.png in Resources */ = {isa = PBXBuildFile; fileRef = CDF6700913C0A08A008DA83E /* card_backside_red.png */; };
		CDF6704213C0A08A008DA83E /* joker.png in Resources */ = {isa = PBXBuildFile; fileRef = CDF6700A13C0A08A008DA83E /* joker.png */; };
		CDF6704313C0A08A008DA83E /* spade_10.png in Resources */ = {isa = PBXBuildFile; fileRef = CDF6700C13C0A08A008DA83E /* spade_10.png */; };
		CDF6704413C0A08A008DA83E /* spade_2.png in Resources */ = {isa = PBXBuildFile; fileRef = CDF6700D13C0A08A008DA83E /* spade_2.png */; };
		CDF6704513C0A08A008DA83E /* spade_3.png in Resources */ = {isa = PBXBuildFile; fileRef = CDF6700E13C0A08A008DA83E /* spade_3.png */; };
		CDF6704613C0A08A008DA83E /* spade_4.png in Resources */ = {isa = PBXBuildFile; fileRef = CDF6700F13C0A08A008DA83E /* spade_4.png */; };
		CDF6704713C0A08A008DA83E /* spade_5.png in Resources */ = {isa = PBXBuildFile; fileRef = CDF6701013C0A08A008DA83E /* spade_5.png */; };
		CDF6704813C0A08A008DA83E /* spade_6.png in Resources */ = {isa = PBXBuildFile; fileRef = CDF6701113C0A08A008DA83E /* spade_6.png */; };
		CDF6704913C0A08A008DA83E /* spade_7.png in Resources */ = {isa = PBXBuildFile; fileRef = CDF6701213C0A08A008DA83E /* spade_7.png */; };
		CDF6704A13C0A08A008DA83E /* spade_8.png in Resources */ = {isa = PBXBuildFile; fileRef = CDF6701313C0A08A008DA83E /* spade_8.png */; };
		CDF6704B13C0A08A008DA83E /* spade_9.png in Resources */ = {isa = PBXBuildFile; fileRef = CDF6701413C0A08A008DA83E /* spade_9.png */; };
		CDF6704C13C0A08A008DA83E /* spade_a.png in Resources */ = {isa = PBXBuildFile; fileRef = CDF6701513C0A08A008DA83E /* spade_a.png */; };
		CDF6704D13C0A08A008DA83E /* spade_j.png in Resources */ = {isa = PBXBuildFile; fileRef = CDF6701613C0A08A008DA83E /* spade_j.png */; };
		CDF6704E13C0A08A008DA83E /* spade_k.png in Resources */ = {isa = PBXBuildFile; fileRef = CDF6701713C0A08A008DA83E /* spade_k.png */; };
		CDF6704F13C0A08A008DA83E /* spade_q.png in Resources */ = {isa = PBXBuildFile; fileRef = CDF6701813C0A08A008DA83E /* spade_q.png */; };
		CDF6705213C0A442008DA83E /* Icon.png in Resources */ = {isa = PBXBuildFile; fileRef = CDF6705113C0A442008DA83E /* Icon.png */; };
		CDFFC8C013ADD446003F3C31 /* Card.m in Sources */ = {isa = PBXBuildFile; fileRef = CDFFC8BF13ADD446003F3C31 /* Card.m */; };
		CDFFC8C413ADE842003F3C31 /* blue_arrow.png in Resources */ = {isa = PBXBuildFile; fileRef = CDFFC8C213ADE842003F3C31 /* blue_arrow.png */; };
		CDFFC8C513ADE842003F3C31 /* bluetooth_icon.png in Resources */ = {isa = PBXBuildFile; fileRef = CDFFC8C313ADE842003F3C31 /* bluetooth_icon.png */; };
/* End PBXBuildFile section */

/* Begin PBXFileReference section */
		CD34B31813A65C0C00B2B254 /* iphone.png */ = {isa = PBXFileReference; lastKnownFileType = image.png; path = iphone.png; sourceTree = "<group>"; };
		CD3DA5A513A7A51000AFB54C /* JSON.h */ = {isa = PBXFileReference; fileEncoding = 4; lastKnownFileType = sourcecode.c.h; path = JSON.h; sourceTree = "<group>"; };
		CD3DA5A613A7A51000AFB54C /* NSObject+SBJSON.h */ = {isa = PBXFileReference; fileEncoding = 4; lastKnownFileType = sourcecode.c.h; path = "NSObject+SBJSON.h"; sourceTree = "<group>"; };
		CD3DA5A713A7A51000AFB54C /* NSObject+SBJSON.m */ = {isa = PBXFileReference; fileEncoding = 4; lastKnownFileType = sourcecode.c.objc; path = "NSObject+SBJSON.m"; sourceTree = "<group>"; };
		CD3DA5A813A7A51000AFB54C /* NSString+SBJSON.h */ = {isa = PBXFileReference; fileEncoding = 4; lastKnownFileType = sourcecode.c.h; path = "NSString+SBJSON.h"; sourceTree = "<group>"; };
		CD3DA5A913A7A51000AFB54C /* NSString+SBJSON.m */ = {isa = PBXFileReference; fileEncoding = 4; lastKnownFileType = sourcecode.c.objc; path = "NSString+SBJSON.m"; sourceTree = "<group>"; };
		CD3DA5AA13A7A51000AFB54C /* SBJSON.h */ = {isa = PBXFileReference; fileEncoding = 4; lastKnownFileType = sourcecode.c.h; path = SBJSON.h; sourceTree = "<group>"; };
		CD3DA5AB13A7A51000AFB54C /* SBJSON.m */ = {isa = PBXFileReference; fileEncoding = 4; lastKnownFileType = sourcecode.c.objc; path = SBJSON.m; sourceTree = "<group>"; };
		CD3DA5AC13A7A51000AFB54C /* SBJsonBase.h */ = {isa = PBXFileReference; fileEncoding = 4; lastKnownFileType = sourcecode.c.h; path = SBJsonBase.h; sourceTree = "<group>"; };
		CD3DA5AD13A7A51000AFB54C /* SBJsonBase.m */ = {isa = PBXFileReference; fileEncoding = 4; lastKnownFileType = sourcecode.c.objc; path = SBJsonBase.m; sourceTree = "<group>"; };
		CD3DA5AE13A7A51000AFB54C /* SBJsonParser.h */ = {isa = PBXFileReference; fileEncoding = 4; lastKnownFileType = sourcecode.c.h; path = SBJsonParser.h; sourceTree = "<group>"; };
		CD3DA5AF13A7A51000AFB54C /* SBJsonParser.m */ = {isa = PBXFileReference; fileEncoding = 4; lastKnownFileType = sourcecode.c.objc; path = SBJsonParser.m; sourceTree = "<group>"; };
		CD3DA5B013A7A51000AFB54C /* SBJsonWriter.h */ = {isa = PBXFileReference; fileEncoding = 4; lastKnownFileType = sourcecode.c.h; path = SBJsonWriter.h; sourceTree = "<group>"; };
		CD3DA5B113A7A51000AFB54C /* SBJsonWriter.m */ = {isa = PBXFileReference; fileEncoding = 4; lastKnownFileType = sourcecode.c.objc; path = SBJsonWriter.m; sourceTree = "<group>"; };
		CD95F2F51411F73E00C42D70 /* DisclaimerViewController_iPad.h */ = {isa = PBXFileReference; fileEncoding = 4; lastKnownFileType = sourcecode.c.h; name = DisclaimerViewController_iPad.h; path = iPad/DisclaimerViewController_iPad.h; sourceTree = "<group>"; };
		CD95F2F61411F73E00C42D70 /* DisclaimerViewController_iPad.m */ = {isa = PBXFileReference; fileEncoding = 4; lastKnownFileType = sourcecode.c.objc; name = DisclaimerViewController_iPad.m; path = iPad/DisclaimerViewController_iPad.m; sourceTree = "<group>"; };
		CD95F2F71411F73E00C42D70 /* DisclaimerViewController_iPad.xib */ = {isa = PBXFileReference; fileEncoding = 4; lastKnownFileType = file.xib; name = DisclaimerViewController_iPad.xib; path = iPad/DisclaimerViewController_iPad.xib; sourceTree = "<group>"; };
		CD9E40D313A33B9300256BFF /* GKCard.app */ = {isa = PBXFileReference; explicitFileType = wrapper.application; includeInIndex = 0; path = GKCard.app; sourceTree = BUILT_PRODUCTS_DIR; };
		CD9E40D713A33B9300256BFF /* UIKit.framework */ = {isa = PBXFileReference; lastKnownFileType = wrapper.framework; name = UIKit.framework; path = System/Library/Frameworks/UIKit.framework; sourceTree = SDKROOT; };
		CD9E40D913A33B9300256BFF /* Foundation.framework */ = {isa = PBXFileReference; lastKnownFileType = wrapper.framework; name = Foundation.framework; path = System/Library/Frameworks/Foundation.framework; sourceTree = SDKROOT; };
		CD9E40DB13A33B9300256BFF /* CoreGraphics.framework */ = {isa = PBXFileReference; lastKnownFileType = wrapper.framework; name = CoreGraphics.framework; path = System/Library/Frameworks/CoreGraphics.framework; sourceTree = SDKROOT; };
		CD9E40DF13A33B9300256BFF /* GKCard-Info.plist */ = {isa = PBXFileReference; lastKnownFileType = text.plist.xml; path = "GKCard-Info.plist"; sourceTree = "<group>"; };
		CD9E40E113A33B9300256BFF /* en */ = {isa = PBXFileReference; lastKnownFileType = text.plist.strings; name = en; path = en.lproj/InfoPlist.strings; sourceTree = "<group>"; };
		CD9E40E313A33B9300256BFF /* GKCard-Prefix.pch */ = {isa = PBXFileReference; lastKnownFileType = sourcecode.c.h; path = "GKCard-Prefix.pch"; sourceTree = "<group>"; };
		CD9E40E413A33B9300256BFF /* main.m */ = {isa = PBXFileReference; lastKnownFileType = sourcecode.c.objc; path = main.m; sourceTree = "<group>"; };
		CD9E40E613A33B9300256BFF /* GKCardAppDelegate.h */ = {isa = PBXFileReference; lastKnownFileType = sourcecode.c.h; path = GKCardAppDelegate.h; sourceTree = "<group>"; };
		CD9E40E713A33B9300256BFF /* GKCardAppDelegate.m */ = {isa = PBXFileReference; lastKnownFileType = sourcecode.c.objc; path = GKCardAppDelegate.m; sourceTree = "<group>"; };
		CD9E40EA13A33B9300256BFF /* GKCardAppDelegate_iPhone.h */ = {isa = PBXFileReference; lastKnownFileType = sourcecode.c.h; name = GKCardAppDelegate_iPhone.h; path = iPhone/GKCardAppDelegate_iPhone.h; sourceTree = "<group>"; };
		CD9E40EB13A33B9300256BFF /* GKCardAppDelegate_iPhone.m */ = {isa = PBXFileReference; lastKnownFileType = sourcecode.c.objc; name = GKCardAppDelegate_iPhone.m; path = iPhone/GKCardAppDelegate_iPhone.m; sourceTree = "<group>"; };
		CD9E40EE13A33B9300256BFF /* en */ = {isa = PBXFileReference; lastKnownFileType = file.xib; name = en; path = iPhone/en.lproj/MainWindow_iPhone.xib; sourceTree = "<group>"; };
		CD9E40F113A33B9300256BFF /* GKCardAppDelegate_iPad.h */ = {isa = PBXFileReference; lastKnownFileType = sourcecode.c.h; name = GKCardAppDelegate_iPad.h; path = iPad/GKCardAppDelegate_iPad.h; sourceTree = "<group>"; };
		CD9E40F213A33B9300256BFF /* GKCardAppDelegate_iPad.m */ = {isa = PBXFileReference; lastKnownFileType = sourcecode.c.objc; name = GKCardAppDelegate_iPad.m; path = iPad/GKCardAppDelegate_iPad.m; sourceTree = "<group>"; };
		CD9E40F513A33B9300256BFF /* en */ = {isa = PBXFileReference; lastKnownFileType = file.xib; name = en; path = iPad/en.lproj/MainWindow_iPad.xib; sourceTree = "<group>"; };
		CD9E40FC13A33C3F00256BFF /* GKCardViewController_iPhone.h */ = {isa = PBXFileReference; fileEncoding = 4; lastKnownFileType = sourcecode.c.h; name = GKCardViewController_iPhone.h; path = iPhone/GKCardViewController_iPhone.h; sourceTree = "<group>"; };
		CD9E40FD13A33C3F00256BFF /* GKCardViewController_iPhone.m */ = {isa = PBXFileReference; fileEncoding = 4; lastKnownFileType = sourcecode.c.objc; name = GKCardViewController_iPhone.m; path = iPhone/GKCardViewController_iPhone.m; sourceTree = "<group>"; };
		CD9E40FE13A33C3F00256BFF /* GKCardViewController_iPhone.xib */ = {isa = PBXFileReference; fileEncoding = 4; lastKnownFileType = file.xib; name = GKCardViewController_iPhone.xib; path = iPhone/GKCardViewController_iPhone.xib; sourceTree = "<group>"; };
		CD9E410113A33C7800256BFF /* GKCardViewController_iPad.h */ = {isa = PBXFileReference; fileEncoding = 4; lastKnownFileType = sourcecode.c.h; name = GKCardViewController_iPad.h; path = iPad/GKCardViewController_iPad.h; sourceTree = "<group>"; };
		CD9E410213A33C7800256BFF /* GKCardViewController_iPad.m */ = {isa = PBXFileReference; fileEncoding = 4; lastKnownFileType = sourcecode.c.objc; name = GKCardViewController_iPad.m; path = iPad/GKCardViewController_iPad.m; sourceTree = "<group>"; };
		CD9E410313A33C7800256BFF /* GKCardViewController_iPad.xib */ = {isa = PBXFileReference; fileEncoding = 4; lastKnownFileType = file.xib; name = GKCardViewController_iPad.xib; path = iPad/GKCardViewController_iPad.xib; sourceTree = "<group>"; };
		CD9E410713A34E4900256BFF /* 2_spades.png */ = {isa = PBXFileReference; lastKnownFileType = image.png; path = 2_spades.png; sourceTree = "<group>"; };
		CD9E410813A34E4900256BFF /* 9_club.png */ = {isa = PBXFileReference; lastKnownFileType = image.png; path = 9_club.png; sourceTree = "<group>"; };
		CD9E410913A34E4900256BFF /* a_heart.png */ = {isa = PBXFileReference; lastKnownFileType = image.png; path = a_heart.png; sourceTree = "<group>"; };
		CD9E410A13A34E4900256BFF /* j_heart.png */ = {isa = PBXFileReference; lastKnownFileType = image.png; path = j_heart.png; sourceTree = "<group>"; };
		CD9E410B13A34E4900256BFF /* poker_table.jpg */ = {isa = PBXFileReference; lastKnownFileType = image.jpeg; path = poker_table.jpg; sourceTree = "<group>"; };
		CD9E411113A3523000256BFF /* backside.jpg */ = {isa = PBXFileReference; lastKnownFileType = image.jpeg; path = backside.jpg; sourceTree = "<group>"; };
		CD9E411313A3648E00256BFF /* CardDeckList.plist */ = {isa = PBXFileReference; fileEncoding = 4; lastKnownFileType = text.plist.xml; path = CardDeckList.plist; sourceTree = "<group>"; };
		CD9E411513A36CFA00256BFF /* QuartzCore.framework */ = {isa = PBXFileReference; lastKnownFileType = wrapper.framework; name = QuartzCore.framework; path = System/Library/Frameworks/QuartzCore.framework; sourceTree = SDKROOT; };
		CDDBB4A813A45A8D006D1970 /* GameKit.framework */ = {isa = PBXFileReference; lastKnownFileType = wrapper.framework; name = GameKit.framework; path = System/Library/Frameworks/GameKit.framework; sourceTree = SDKROOT; };
		CDDBB4AB13A465F7006D1970 /* GKPlayTableViewController_iPhone.h */ = {isa = PBXFileReference; fileEncoding = 4; lastKnownFileType = sourcecode.c.h; name = GKPlayTableViewController_iPhone.h; path = iPhone/GKPlayTableViewController_iPhone.h; sourceTree = "<group>"; };
		CDDBB4AC13A465F7006D1970 /* GKPlayTableViewController_iPhone.m */ = {isa = PBXFileReference; fileEncoding = 4; lastKnownFileType = sourcecode.c.objc; name = GKPlayTableViewController_iPhone.m; path = iPhone/GKPlayTableViewController_iPhone.m; sourceTree = "<group>"; };
		CDDBB4AD13A465F7006D1970 /* GKPlayTableViewController_iPhone.xib */ = {isa = PBXFileReference; fileEncoding = 4; lastKnownFileType = file.xib; name = GKPlayTableViewController_iPhone.xib; path = iPhone/GKPlayTableViewController_iPhone.xib; sourceTree = "<group>"; };
		CDDBB4B013A4661C006D1970 /* GKPlayTableViewController_iPad.h */ = {isa = PBXFileReference; fileEncoding = 4; lastKnownFileType = sourcecode.c.h; name = GKPlayTableViewController_iPad.h; path = iPad/GKPlayTableViewController_iPad.h; sourceTree = "<group>"; };
		CDDBB4B113A4661C006D1970 /* GKPlayTableViewController_iPad.m */ = {isa = PBXFileReference; fileEncoding = 4; lastKnownFileType = sourcecode.c.objc; name = GKPlayTableViewController_iPad.m; path = iPad/GKPlayTableViewController_iPad.m; sourceTree = "<group>"; };
		CDDBB4B213A4661C006D1970 /* GKPlayTableViewController_iPad.xib */ = {isa = PBXFileReference; fileEncoding = 4; lastKnownFileType = file.xib; name = GKPlayTableViewController_iPad.xib; path = iPad/GKPlayTableViewController_iPad.xib; sourceTree = "<group>"; };
		CDDBB4B513A46D0F006D1970 /* card_casino_bg.jpg */ = {isa = PBXFileReference; lastKnownFileType = image.jpeg; path = card_casino_bg.jpg; sourceTree = "<group>"; };
		CDDBB4B613A46D0F006D1970 /* poker_shiny.jpg */ = {isa = PBXFileReference; lastKnownFileType = image.jpeg; path = poker_shiny.jpg; sourceTree = "<group>"; };
		CDEC519213B0E1A500E5FFD3 /* PeerIphoneViewController.h */ = {isa = PBXFileReference; fileEncoding = 4; lastKnownFileType = sourcecode.c.h; name = PeerIphoneViewController.h; path = iPad/PeerIphoneViewController.h; sourceTree = "<group>"; };
		CDEC519313B0E1A500E5FFD3 /* PeerIphoneViewController.m */ = {isa = PBXFileReference; fileEncoding = 4; lastKnownFileType = sourcecode.c.objc; name = PeerIphoneViewController.m; path = iPad/PeerIphoneViewController.m; sourceTree = "<group>"; };
		CDEC519413B0E1A500E5FFD3 /* PeerIphoneViewController.xib */ = {isa = PBXFileReference; fileEncoding = 4; lastKnownFileType = file.xib; name = PeerIphoneViewController.xib; path = iPad/PeerIphoneViewController.xib; sourceTree = "<group>"; };
		CDF66FDE13C0A08A008DA83E /* club_10.png */ = {isa = PBXFileReference; lastKnownFileType = image.png; path = club_10.png; sourceTree = "<group>"; };
		CDF66FDF13C0A08A008DA83E /* club_2.png */ = {isa = PBXFileReference; lastKnownFileType = image.png; path = club_2.png; sourceTree = "<group>"; };
		CDF66FE013C0A08A008DA83E /* club_3.png */ = {isa = PBXFileReference; lastKnownFileType = image.png; path = club_3.png; sourceTree = "<group>"; };
		CDF66FE113C0A08A008DA83E /* club_4.png */ = {isa = PBXFileReference; lastKnownFileType = image.png; path = club_4.png; sourceTree = "<group>"; };
		CDF66FE213C0A08A008DA83E /* club_5.png */ = {isa = PBXFileReference; lastKnownFileType = image.png; path = club_5.png; sourceTree = "<group>"; };
		CDF66FE313C0A08A008DA83E /* club_6.png */ = {isa = PBXFileReference; lastKnownFileType = image.png; path = club_6.png; sourceTree = "<group>"; };
		CDF66FE413C0A08A008DA83E /* club_7.png */ = {isa = PBXFileReference; lastKnownFileType = image.png; path = club_7.png; sourceTree = "<group>"; };
		CDF66FE513C0A08A008DA83E /* club_8.png */ = {isa = PBXFileReference; lastKnownFileType = image.png; path = club_8.png; sourceTree = "<group>"; };
		CDF66FE613C0A08A008DA83E /* club_9.png */ = {isa = PBXFileReference; lastKnownFileType = image.png; path = club_9.png; sourceTree = "<group>"; };
		CDF66FE713C0A08A008DA83E /* club_a.png */ = {isa = PBXFileReference; lastKnownFileType = image.png; path = club_a.png; sourceTree = "<group>"; };
		CDF66FE813C0A08A008DA83E /* club_j.png */ = {isa = PBXFileReference; lastKnownFileType = image.png; path = club_j.png; sourceTree = "<group>"; };
		CDF66FE913C0A08A008DA83E /* club_k.png */ = {isa = PBXFileReference; lastKnownFileType = image.png; path = club_k.png; sourceTree = "<group>"; };
		CDF66FEA13C0A08A008DA83E /* club_q.png */ = {isa = PBXFileReference; lastKnownFileType = image.png; path = club_q.png; sourceTree = "<group>"; };
		CDF66FEC13C0A08A008DA83E /* diamond_10.png */ = {isa = PBXFileReference; lastKnownFileType = image.png; path = diamond_10.png; sourceTree = "<group>"; };
		CDF66FED13C0A08A008DA83E /* diamond_2.png */ = {isa = PBXFileReference; lastKnownFileType = image.png; path = diamond_2.png; sourceTree = "<group>"; };
		CDF66FEE13C0A08A008DA83E /* diamond_3.png */ = {isa = PBXFileReference; lastKnownFileType = image.png; path = diamond_3.png; sourceTree = "<group>"; };
		CDF66FEF13C0A08A008DA83E /* diamond_4.png */ = {isa = PBXFileReference; lastKnownFileType = image.png; path = diamond_4.png; sourceTree = "<group>"; };
		CDF66FF013C0A08A008DA83E /* diamond_5.png */ = {isa = PBXFileReference; lastKnownFileType = image.png; path = diamond_5.png; sourceTree = "<group>"; };
		CDF66FF113C0A08A008DA83E /* diamond_6.png */ = {isa = PBXFileReference; lastKnownFileType = image.png; path = diamond_6.png; sourceTree = "<group>"; };
		CDF66FF213C0A08A008DA83E /* diamond_7.png */ = {isa = PBXFileReference; lastKnownFileType = image.png; path = diamond_7.png; sourceTree = "<group>"; };
		CDF66FF313C0A08A008DA83E /* diamond_8.png */ = {isa = PBXFileReference; lastKnownFileType = image.png; path = diamond_8.png; sourceTree = "<group>"; };
		CDF66FF413C0A08A008DA83E /* diamond_9.png */ = {isa = PBXFileReference; lastKnownFileType = image.png; path = diamond_9.png; sourceTree = "<group>"; };
		CDF66FF513C0A08A008DA83E /* diamond_a.png */ = {isa = PBXFileReference; lastKnownFileType = image.png; path = diamond_a.png; sourceTree = "<group>"; };
		CDF66FF613C0A08A008DA83E /* diamond_j.png */ = {isa = PBXFileReference; lastKnownFileType = image.png; path = diamond_j.png; sourceTree = "<group>"; };
		CDF66FF713C0A08A008DA83E /* diamond_k.png */ = {isa = PBXFileReference; lastKnownFileType = image.png; path = diamond_k.png; sourceTree = "<group>"; };
		CDF66FF813C0A08A008DA83E /* diamond_q.png */ = {isa = PBXFileReference; lastKnownFileType = image.png; path = diamond_q.png; sourceTree = "<group>"; };
		CDF66FFA13C0A08A008DA83E /* heart_10.png */ = {isa = PBXFileReference; lastKnownFileType = image.png; path = heart_10.png; sourceTree = "<group>"; };
		CDF66FFB13C0A08A008DA83E /* heart_2.png */ = {isa = PBXFileReference; lastKnownFileType = image.png; path = heart_2.png; sourceTree = "<group>"; };
		CDF66FFC13C0A08A008DA83E /* heart_3.png */ = {isa = PBXFileReference; lastKnownFileType = image.png; path = heart_3.png; sourceTree = "<group>"; };
		CDF66FFD13C0A08A008DA83E /* heart_4.png */ = {isa = PBXFileReference; lastKnownFileType = image.png; path = heart_4.png; sourceTree = "<group>"; };
		CDF66FFE13C0A08A008DA83E /* heart_5.png */ = {isa = PBXFileReference; lastKnownFileType = image.png; path = heart_5.png; sourceTree = "<group>"; };
		CDF66FFF13C0A08A008DA83E /* heart_6.png */ = {isa = PBXFileReference; lastKnownFileType = image.png; path = heart_6.png; sourceTree = "<group>"; };
		CDF6700013C0A08A008DA83E /* heart_7.png */ = {isa = PBXFileReference; lastKnownFileType = image.png; path = heart_7.png; sourceTree = "<group>"; };
		CDF6700113C0A08A008DA83E /* heart_8.png */ = {isa = PBXFileReference; lastKnownFileType = image.png; path = heart_8.png; sourceTree = "<group>"; };
		CDF6700213C0A08A008DA83E /* heart_9.png */ = {isa = PBXFileReference; lastKnownFileType = image.png; path = heart_9.png; sourceTree = "<group>"; };
		CDF6700313C0A08A008DA83E /* heart_j.png */ = {isa = PBXFileReference; lastKnownFileType = image.png; path = heart_j.png; sourceTree = "<group>"; };
		CDF6700413C0A08A008DA83E /* heart_k.png */ = {isa = PBXFileReference; lastKnownFileType = image.png; path = heart_k.png; sourceTree = "<group>"; };
		CDF6700513C0A08A008DA83E /* heart_q.png */ = {isa = PBXFileReference; lastKnownFileType = image.png; path = heart_q.png; sourceTree = "<group>"; };
		CDF6700613C0A08A008DA83E /* heart_a.png */ = {isa = PBXFileReference; lastKnownFileType = image.png; path = heart_a.png; sourceTree = "<group>"; };
		CDF6700813C0A08A008DA83E /* card_backside_blue.png */ = {isa = PBXFileReference; lastKnownFileType = image.png; path = card_backside_blue.png; sourceTree = "<group>"; };
		CDF6700913C0A08A008DA83E /* card_backside_red.png */ = {isa = PBXFileReference; lastKnownFileType = image.png; path = card_backside_red.png; sourceTree = "<group>"; };
		CDF6700A13C0A08A008DA83E /* joker.png */ = {isa = PBXFileReference; lastKnownFileType = image.png; path = joker.png; sourceTree = "<group>"; };
		CDF6700C13C0A08A008DA83E /* spade_10.png */ = {isa = PBXFileReference; lastKnownFileType = image.png; path = spade_10.png; sourceTree = "<group>"; };
		CDF6700D13C0A08A008DA83E /* spade_2.png */ = {isa = PBXFileReference; lastKnownFileType = image.png; path = spade_2.png; sourceTree = "<group>"; };
		CDF6700E13C0A08A008DA83E /* spade_3.png */ = {isa = PBXFileReference; lastKnownFileType = image.png; path = spade_3.png; sourceTree = "<group>"; };
		CDF6700F13C0A08A008DA83E /* spade_4.png */ = {isa = PBXFileReference; lastKnownFileType = image.png; path = spade_4.png; sourceTree = "<group>"; };
		CDF6701013C0A08A008DA83E /* spade_5.png */ = {isa = PBXFileReference; lastKnownFileType = image.png; path = spade_5.png; sourceTree = "<group>"; };
		CDF6701113C0A08A008DA83E /* spade_6.png */ = {isa = PBXFileReference; lastKnownFileType = image.png; path = spade_6.png; sourceTree = "<group>"; };
		CDF6701213C0A08A008DA83E /* spade_7.png */ = {isa = PBXFileReference; lastKnownFileType = image.png; path = spade_7.png; sourceTree = "<group>"; };
		CDF6701313C0A08A008DA83E /* spade_8.png */ = {isa = PBXFileReference; lastKnownFileType = image.png; path = spade_8.png; sourceTree = "<group>"; };
		CDF6701413C0A08A008DA83E /* spade_9.png */ = {isa = PBXFileReference; lastKnownFileType = image.png; path = spade_9.png; sourceTree = "<group>"; };
		CDF6701513C0A08A008DA83E /* spade_a.png */ = {isa = PBXFileReference; lastKnownFileType = image.png; path = spade_a.png; sourceTree = "<group>"; };
		CDF6701613C0A08A008DA83E /* spade_j.png */ = {isa = PBXFileReference; lastKnownFileType = image.png; path = spade_j.png; sourceTree = "<group>"; };
		CDF6701713C0A08A008DA83E /* spade_k.png */ = {isa = PBXFileReference; lastKnownFileType = image.png; path = spade_k.png; sourceTree = "<group>"; };
		CDF6701813C0A08A008DA83E /* spade_q.png */ = {isa = PBXFileReference; lastKnownFileType = image.png; path = spade_q.png; sourceTree = "<group>"; };
		CDF6705113C0A442008DA83E /* Icon.png */ = {isa = PBXFileReference; lastKnownFileType = image.png; path = Icon.png; sourceTree = "<group>"; };
		CDFFC8BE13ADD446003F3C31 /* Card.h */ = {isa = PBXFileReference; fileEncoding = 4; lastKnownFileType = sourcecode.c.h; path = Card.h; sourceTree = "<group>"; };
		CDFFC8BF13ADD446003F3C31 /* Card.m */ = {isa = PBXFileReference; fileEncoding = 4; lastKnownFileType = sourcecode.c.objc; path = Card.m; sourceTree = "<group>"; };
		CDFFC8C213ADE842003F3C31 /* blue_arrow.png */ = {isa = PBXFileReference; lastKnownFileType = image.png; path = blue_arrow.png; sourceTree = "<group>"; };
		CDFFC8C313ADE842003F3C31 /* bluetooth_icon.png */ = {isa = PBXFileReference; lastKnownFileType = image.png; path = bluetooth_icon.png; sourceTree = "<group>"; };
/* End PBXFileReference section */

/* Begin PBXFrameworksBuildPhase section */
		CD9E40D013A33B9300256BFF /* Frameworks */ = {
			isa = PBXFrameworksBuildPhase;
			buildActionMask = 2147483647;
			files = (
				CDDBB4A913A45A8D006D1970 /* GameKit.framework in Frameworks */,
				CD9E411613A36CFA00256BFF /* QuartzCore.framework in Frameworks */,
				CD9E40D813A33B9300256BFF /* UIKit.framework in Frameworks */,
				CD9E40DA13A33B9300256BFF /* Foundation.framework in Frameworks */,
				CD9E40DC13A33B9300256BFF /* CoreGraphics.framework in Frameworks */,
			);
			runOnlyForDeploymentPostprocessing = 0;
		};
/* End PBXFrameworksBuildPhase section */

/* Begin PBXGroup section */
		CD3DA5A413A7A51000AFB54C /* JSON */ = {
			isa = PBXGroup;
			children = (
				CD3DA5A513A7A51000AFB54C /* JSON.h */,
				CD3DA5A613A7A51000AFB54C /* NSObject+SBJSON.h */,
				CD3DA5A713A7A51000AFB54C /* NSObject+SBJSON.m */,
				CD3DA5A813A7A51000AFB54C /* NSString+SBJSON.h */,
				CD3DA5A913A7A51000AFB54C /* NSString+SBJSON.m */,
				CD3DA5AA13A7A51000AFB54C /* SBJSON.h */,
				CD3DA5AB13A7A51000AFB54C /* SBJSON.m */,
				CD3DA5AC13A7A51000AFB54C /* SBJsonBase.h */,
				CD3DA5AD13A7A51000AFB54C /* SBJsonBase.m */,
				CD3DA5AE13A7A51000AFB54C /* SBJsonParser.h */,
				CD3DA5AF13A7A51000AFB54C /* SBJsonParser.m */,
				CD3DA5B013A7A51000AFB54C /* SBJsonWriter.h */,
				CD3DA5B113A7A51000AFB54C /* SBJsonWriter.m */,
			);
			path = JSON;
			sourceTree = "<group>";
		};
		CD9E40C813A33B9300256BFF = {
			isa = PBXGroup;
			children = (
				CD3DA5A413A7A51000AFB54C /* JSON */,
				CD9E40DD13A33B9300256BFF /* GKCard */,
				CD9E40D613A33B9300256BFF /* Frameworks */,
				CD9E40D413A33B9300256BFF /* Products */,
			);
			sourceTree = "<group>";
		};
		CD9E40D413A33B9300256BFF /* Products */ = {
			isa = PBXGroup;
			children = (
				CD9E40D313A33B9300256BFF /* GKCard.app */,
			);
			name = Products;
			sourceTree = "<group>";
		};
		CD9E40D613A33B9300256BFF /* Frameworks */ = {
			isa = PBXGroup;
			children = (
				CDDBB4A813A45A8D006D1970 /* GameKit.framework */,
				CD9E411513A36CFA00256BFF /* QuartzCore.framework */,
				CD9E40D713A33B9300256BFF /* UIKit.framework */,
				CD9E40D913A33B9300256BFF /* Foundation.framework */,
				CD9E40DB13A33B9300256BFF /* CoreGraphics.framework */,
			);
			name = Frameworks;
			sourceTree = "<group>";
		};
		CD9E40DD13A33B9300256BFF /* GKCard */ = {
			isa = PBXGroup;
			children = (
				CD9E410613A34E4900256BFF /* images */,
				CD9E40E613A33B9300256BFF /* GKCardAppDelegate.h */,
				CD9E40E713A33B9300256BFF /* GKCardAppDelegate.m */,
				CDFFC8BE13ADD446003F3C31 /* Card.h */,
				CDFFC8BF13ADD446003F3C31 /* Card.m */,
				CD9E40E913A33B9300256BFF /* iPhone */,
				CD9E40F013A33B9300256BFF /* iPad */,
				CD9E40DE13A33B9300256BFF /* Supporting Files */,
			);
			path = GKCard;
			sourceTree = "<group>";
		};
		CD9E40DE13A33B9300256BFF /* Supporting Files */ = {
			isa = PBXGroup;
			children = (
				CD9E40DF13A33B9300256BFF /* GKCard-Info.plist */,
				CD9E40E013A33B9300256BFF /* InfoPlist.strings */,
				CD9E40E313A33B9300256BFF /* GKCard-Prefix.pch */,
				CD9E40E413A33B9300256BFF /* main.m */,
				CD9E411313A3648E00256BFF /* CardDeckList.plist */,
			);
			name = "Supporting Files";
			sourceTree = "<group>";
		};
		CD9E40E913A33B9300256BFF /* iPhone */ = {
			isa = PBXGroup;
			children = (
				CD9E40EA13A33B9300256BFF /* GKCardAppDelegate_iPhone.h */,
				CD9E40EB13A33B9300256BFF /* GKCardAppDelegate_iPhone.m */,
				CD9E40ED13A33B9300256BFF /* MainWindow_iPhone.xib */,
				CD9E40FC13A33C3F00256BFF /* GKCardViewController_iPhone.h */,
				CD9E40FD13A33C3F00256BFF /* GKCardViewController_iPhone.m */,
				CD9E40FE13A33C3F00256BFF /* GKCardViewController_iPhone.xib */,
				CDDBB4AB13A465F7006D1970 /* GKPlayTableViewController_iPhone.h */,
				CDDBB4AC13A465F7006D1970 /* GKPlayTableViewController_iPhone.m */,
				CDDBB4AD13A465F7006D1970 /* GKPlayTableViewController_iPhone.xib */,
			);
			name = iPhone;
			sourceTree = "<group>";
		};
		CD9E40F013A33B9300256BFF /* iPad */ = {
			isa = PBXGroup;
			children = (
				CD9E40F113A33B9300256BFF /* GKCardAppDelegate_iPad.h */,
				CD9E40F213A33B9300256BFF /* GKCardAppDelegate_iPad.m */,
				CD9E40F413A33B9300256BFF /* MainWindow_iPad.xib */,
				CD9E410113A33C7800256BFF /* GKCardViewController_iPad.h */,
				CD9E410213A33C7800256BFF /* GKCardViewController_iPad.m */,
				CD9E410313A33C7800256BFF /* GKCardViewController_iPad.xib */,
				CDDBB4B013A4661C006D1970 /* GKPlayTableViewController_iPad.h */,
				CDDBB4B113A4661C006D1970 /* GKPlayTableViewController_iPad.m */,
				CDDBB4B213A4661C006D1970 /* GKPlayTableViewController_iPad.xib */,
				CDEC519213B0E1A500E5FFD3 /* PeerIphoneViewController.h */,
				CDEC519313B0E1A500E5FFD3 /* PeerIphoneViewController.m */,
				CDEC519413B0E1A500E5FFD3 /* PeerIphoneViewController.xib */,
				CD95F2F51411F73E00C42D70 /* DisclaimerViewController_iPad.h */,
				CD95F2F61411F73E00C42D70 /* DisclaimerViewController_iPad.m */,
				CD95F2F71411F73E00C42D70 /* DisclaimerViewController_iPad.xib */,
			);
			name = iPad;
			sourceTree = "<group>";
		};
		CD9E410613A34E4900256BFF /* images */ = {
			isa = PBXGroup;
			children = (
				CDF66FDC13C0A08A008DA83E /* cards */,
				CDF6705113C0A442008DA83E /* Icon.png */,
				CDFFC8C213ADE842003F3C31 /* blue_arrow.png */,
				CDFFC8C313ADE842003F3C31 /* bluetooth_icon.png */,
				CD34B31813A65C0C00B2B254 /* iphone.png */,
				CDDBB4B513A46D0F006D1970 /* card_casino_bg.jpg */,
				CDDBB4B613A46D0F006D1970 /* poker_shiny.jpg */,
				CD9E411113A3523000256BFF /* backside.jpg */,
				CD9E410713A34E4900256BFF /* 2_spades.png */,
				CD9E410813A34E4900256BFF /* 9_club.png */,
				CD9E410913A34E4900256BFF /* a_heart.png */,
				CD9E410A13A34E4900256BFF /* j_heart.png */,
				CD9E410B13A34E4900256BFF /* poker_table.jpg */,
			);
			path = images;
			sourceTree = "<group>";
		};
		CDF66FDC13C0A08A008DA83E /* cards */ = {
			isa = PBXGroup;
			children = (
				CDF66FDD13C0A08A008DA83E /* clubs */,
				CDF66FEB13C0A08A008DA83E /* diamonds */,
				CDF66FF913C0A08A008DA83E /* hearts */,
				CDF6700713C0A08A008DA83E /* others */,
				CDF6700B13C0A08A008DA83E /* spades */,
			);
			path = cards;
			sourceTree = "<group>";
		};
		CDF66FDD13C0A08A008DA83E /* clubs */ = {
			isa = PBXGroup;
			children = (
				CDF66FDE13C0A08A008DA83E /* club_10.png */,
				CDF66FDF13C0A08A008DA83E /* club_2.png */,
				CDF66FE013C0A08A008DA83E /* club_3.png */,
				CDF66FE113C0A08A008DA83E /* club_4.png */,
				CDF66FE213C0A08A008DA83E /* club_5.png */,
				CDF66FE313C0A08A008DA83E /* club_6.png */,
				CDF66FE413C0A08A008DA83E /* club_7.png */,
				CDF66FE513C0A08A008DA83E /* club_8.png */,
				CDF66FE613C0A08A008DA83E /* club_9.png */,
				CDF66FE713C0A08A008DA83E /* club_a.png */,
				CDF66FE813C0A08A008DA83E /* club_j.png */,
				CDF66FE913C0A08A008DA83E /* club_k.png */,
				CDF66FEA13C0A08A008DA83E /* club_q.png */,
			);
			path = clubs;
			sourceTree = "<group>";
		};
		CDF66FEB13C0A08A008DA83E /* diamonds */ = {
			isa = PBXGroup;
			children = (
				CDF66FEC13C0A08A008DA83E /* diamond_10.png */,
				CDF66FED13C0A08A008DA83E /* diamond_2.png */,
				CDF66FEE13C0A08A008DA83E /* diamond_3.png */,
				CDF66FEF13C0A08A008DA83E /* diamond_4.png */,
				CDF66FF013C0A08A008DA83E /* diamond_5.png */,
				CDF66FF113C0A08A008DA83E /* diamond_6.png */,
				CDF66FF213C0A08A008DA83E /* diamond_7.png */,
				CDF66FF313C0A08A008DA83E /* diamond_8.png */,
				CDF66FF413C0A08A008DA83E /* diamond_9.png */,
				CDF66FF513C0A08A008DA83E /* diamond_a.png */,
				CDF66FF613C0A08A008DA83E /* diamond_j.png */,
				CDF66FF713C0A08A008DA83E /* diamond_k.png */,
				CDF66FF813C0A08A008DA83E /* diamond_q.png */,
			);
			path = diamonds;
			sourceTree = "<group>";
		};
		CDF66FF913C0A08A008DA83E /* hearts */ = {
			isa = PBXGroup;
			children = (
				CDF66FFA13C0A08A008DA83E /* heart_10.png */,
				CDF66FFB13C0A08A008DA83E /* heart_2.png */,
				CDF66FFC13C0A08A008DA83E /* heart_3.png */,
				CDF66FFD13C0A08A008DA83E /* heart_4.png */,
				CDF66FFE13C0A08A008DA83E /* heart_5.png */,
				CDF66FFF13C0A08A008DA83E /* heart_6.png */,
				CDF6700013C0A08A008DA83E /* heart_7.png */,
				CDF6700113C0A08A008DA83E /* heart_8.png */,
				CDF6700213C0A08A008DA83E /* heart_9.png */,
				CDF6700313C0A08A008DA83E /* heart_j.png */,
				CDF6700413C0A08A008DA83E /* heart_k.png */,
				CDF6700513C0A08A008DA83E /* heart_q.png */,
				CDF6700613C0A08A008DA83E /* heart_a.png */,
			);
			path = hearts;
			sourceTree = "<group>";
		};
		CDF6700713C0A08A008DA83E /* others */ = {
			isa = PBXGroup;
			children = (
				CDF6700813C0A08A008DA83E /* card_backside_blue.png */,
				CDF6700913C0A08A008DA83E /* card_backside_red.png */,
				CDF6700A13C0A08A008DA83E /* joker.png */,
			);
			path = others;
			sourceTree = "<group>";
		};
		CDF6700B13C0A08A008DA83E /* spades */ = {
			isa = PBXGroup;
			children = (
				CDF6700C13C0A08A008DA83E /* spade_10.png */,
				CDF6700D13C0A08A008DA83E /* spade_2.png */,
				CDF6700E13C0A08A008DA83E /* spade_3.png */,
				CDF6700F13C0A08A008DA83E /* spade_4.png */,
				CDF6701013C0A08A008DA83E /* spade_5.png */,
				CDF6701113C0A08A008DA83E /* spade_6.png */,
				CDF6701213C0A08A008DA83E /* spade_7.png */,
				CDF6701313C0A08A008DA83E /* spade_8.png */,
				CDF6701413C0A08A008DA83E /* spade_9.png */,
				CDF6701513C0A08A008DA83E /* spade_a.png */,
				CDF6701613C0A08A008DA83E /* spade_j.png */,
				CDF6701713C0A08A008DA83E /* spade_k.png */,
				CDF6701813C0A08A008DA83E /* spade_q.png */,
			);
			path = spades;
			sourceTree = "<group>";
		};
/* End PBXGroup section */

/* Begin PBXNativeTarget section */
		CD9E40D213A33B9300256BFF /* GKCard */ = {
			isa = PBXNativeTarget;
			buildConfigurationList = CD9E40F913A33B9300256BFF /* Build configuration list for PBXNativeTarget "GKCard" */;
			buildPhases = (
				CD9E40CF13A33B9300256BFF /* Sources */,
				CD9E40D013A33B9300256BFF /* Frameworks */,
				CD9E40D113A33B9300256BFF /* Resources */,
			);
			buildRules = (
			);
			dependencies = (
			);
			name = GKCard;
			productName = GKCard;
			productReference = CD9E40D313A33B9300256BFF /* GKCard.app */;
			productType = "com.apple.product-type.application";
		};
/* End PBXNativeTarget section */

/* Begin PBXProject section */
		CD9E40CA13A33B9300256BFF /* Project object */ = {
			isa = PBXProject;
			attributes = {
				LastUpgradeCheck = 0420;
			};
			buildConfigurationList = CD9E40CD13A33B9300256BFF /* Build configuration list for PBXProject "GKCard" */;
			compatibilityVersion = "Xcode 3.2";
			developmentRegion = English;
			hasScannedForEncodings = 0;
			knownRegions = (
				en,
			);
			mainGroup = CD9E40C813A33B9300256BFF;
			productRefGroup = CD9E40D413A33B9300256BFF /* Products */;
			projectDirPath = "";
			projectRoot = "";
			targets = (
				CD9E40D213A33B9300256BFF /* GKCard */,
			);
		};
/* End PBXProject section */

/* Begin PBXResourcesBuildPhase section */
		CD9E40D113A33B9300256BFF /* Resources */ = {
			isa = PBXResourcesBuildPhase;
			buildActionMask = 2147483647;
			files = (
				CD9E40E213A33B9300256BFF /* InfoPlist.strings in Resources */,
				CD9E40EF13A33B9300256BFF /* MainWindow_iPhone.xib in Resources */,
				CD9E40F613A33B9300256BFF /* MainWindow_iPad.xib in Resources */,
				CD9E410013A33C3F00256BFF /* GKCardViewController_iPhone.xib in Resources */,
				CD9E410513A33C7800256BFF /* GKCardViewController_iPad.xib in Resources */,
				CD9E410C13A34E4900256BFF /* 2_spades.png in Resources */,
				CD9E410D13A34E4900256BFF /* 9_club.png in Resources */,
				CD9E410E13A34E4900256BFF /* a_heart.png in Resources */,
				CD9E410F13A34E4900256BFF /* j_heart.png in Resources */,
				CD9E411013A34E4900256BFF /* poker_table.jpg in Resources */,
				CD9E411213A3523000256BFF /* backside.jpg in Resources */,
				CD9E411413A3648E00256BFF /* CardDeckList.plist in Resources */,
				CDDBB4AF13A465F7006D1970 /* GKPlayTableViewController_iPhone.xib in Resources */,
				CDDBB4B413A4661C006D1970 /* GKPlayTableViewController_iPad.xib in Resources */,
				CDDBB4B713A46D0F006D1970 /* card_casino_bg.jpg in Resources */,
				CDDBB4B813A46D0F006D1970 /* poker_shiny.jpg in Resources */,
				CD34B31913A65C0C00B2B254 /* iphone.png in Resources */,
				CDFFC8C413ADE842003F3C31 /* blue_arrow.png in Resources */,
				CDFFC8C513ADE842003F3C31 /* bluetooth_icon.png in Resources */,
				CDEC519613B0E1A500E5FFD3 /* PeerIphoneViewController.xib in Resources */,
				CDF6701913C0A08A008DA83E /* club_10.png in Resources */,
				CDF6701A13C0A08A008DA83E /* club_2.png in Resources */,
				CDF6701B13C0A08A008DA83E /* club_3.png in Resources */,
				CDF6701C13C0A08A008DA83E /* club_4.png in Resources */,
				CDF6701D13C0A08A008DA83E /* club_5.png in Resources */,
				CDF6701E13C0A08A008DA83E /* club_6.png in Resources */,
				CDF6701F13C0A08A008DA83E /* club_7.png in Resources */,
				CDF6702013C0A08A008DA83E /* club_8.png in Resources */,
				CDF6702113C0A08A008DA83E /* club_9.png in Resources */,
				CDF6702213C0A08A008DA83E /* club_a.png in Resources */,
				CDF6702313C0A08A008DA83E /* club_j.png in Resources */,
				CDF6702413C0A08A008DA83E /* club_k.png in Resources */,
				CDF6702513C0A08A008DA83E /* club_q.png in Resources */,
				CDF6702613C0A08A008DA83E /* diamond_10.png in Resources */,
				CDF6702713C0A08A008DA83E /* diamond_2.png in Resources */,
				CDF6702813C0A08A008DA83E /* diamond_3.png in Resources */,
				CDF6702913C0A08A008DA83E /* diamond_4.png in Resources */,
				CDF6702A13C0A08A008DA83E /* diamond_5.png in Resources */,
				CDF6702B13C0A08A008DA83E /* diamond_6.png in Resources */,
				CDF6702C13C0A08A008DA83E /* diamond_7.png in Resources */,
				CDF6702D13C0A08A008DA83E /* diamond_8.png in Resources */,
				CDF6702E13C0A08A008DA83E /* diamond_9.png in Resources */,
				CDF6702F13C0A08A008DA83E /* diamond_a.png in Resources */,
				CDF6703013C0A08A008DA83E /* diamond_j.png in Resources */,
				CDF6703113C0A08A008DA83E /* diamond_k.png in Resources */,
				CDF6703213C0A08A008DA83E /* diamond_q.png in Resources */,
				CDF6703313C0A08A008DA83E /* heart_10.png in Resources */,
				CDF6703413C0A08A008DA83E /* heart_2.png in Resources */,
				CDF6703513C0A08A008DA83E /* heart_3.png in Resources */,
				CDF6703613C0A08A008DA83E /* heart_4.png in Resources */,
				CDF6703713C0A08A008DA83E /* heart_5.png in Resources */,
				CDF6703813C0A08A008DA83E /* heart_6.png in Resources */,
				CDF6703913C0A08A008DA83E /* heart_7.png in Resources */,
				CDF6703A13C0A08A008DA83E /* heart_8.png in Resources */,
				CDF6703B13C0A08A008DA83E /* heart_9.png in Resources */,
				CDF6703C13C0A08A008DA83E /* heart_j.png in Resources */,
				CDF6703D13C0A08A008DA83E /* heart_k.png in Resources */,
				CDF6703E13C0A08A008DA83E /* heart_q.png in Resources */,
				CDF6703F13C0A08A008DA83E /* heart_a.png in Resources */,
				CDF6704013C0A08A008DA83E /* card_backside_blue.png in Resources */,
				CDF6704113C0A08A008DA83E /* card_backside_red.png in Resources */,
				CDF6704213C0A08A008DA83E /* joker.png in Resources */,
				CDF6704313C0A08A008DA83E /* spade_10.png in Resources */,
				CDF6704413C0A08A008DA83E /* spade_2.png in Resources */,
				CDF6704513C0A08A008DA83E /* spade_3.png in Resources */,
				CDF6704613C0A08A008DA83E /* spade_4.png in Resources */,
				CDF6704713C0A08A008DA83E /* spade_5.png in Resources */,
				CDF6704813C0A08A008DA83E /* spade_6.png in Resources */,
				CDF6704913C0A08A008DA83E /* spade_7.png in Resources */,
				CDF6704A13C0A08A008DA83E /* spade_8.png in Resources */,
				CDF6704B13C0A08A008DA83E /* spade_9.png in Resources */,
				CDF6704C13C0A08A008DA83E /* spade_a.png in Resources */,
				CDF6704D13C0A08A008DA83E /* spade_j.png in Resources */,
				CDF6704E13C0A08A008DA83E /* spade_k.png in Resources */,
				CDF6704F13C0A08A008DA83E /* spade_q.png in Resources */,
				CDF6705213C0A442008DA83E /* Icon.png in Resources */,
				CD95F2F91411F73E00C42D70 /* DisclaimerViewController_iPad.xib in Resources */,
			);
			runOnlyForDeploymentPostprocessing = 0;
		};
/* End PBXResourcesBuildPhase section */

/* Begin PBXSourcesBuildPhase section */
		CD9E40CF13A33B9300256BFF /* Sources */ = {
			isa = PBXSourcesBuildPhase;
			buildActionMask = 2147483647;
			files = (
				CD9E40E513A33B9300256BFF /* main.m in Sources */,
				CD9E40E813A33B9300256BFF /* GKCardAppDelegate.m in Sources */,
				CD9E40EC13A33B9300256BFF /* GKCardAppDelegate_iPhone.m in Sources */,
				CD9E40F313A33B9300256BFF /* GKCardAppDelegate_iPad.m in Sources */,
				CD9E40FF13A33C3F00256BFF /* GKCardViewController_iPhone.m in Sources */,
				CD9E410413A33C7800256BFF /* GKCardViewController_iPad.m in Sources */,
				CDDBB4AE13A465F7006D1970 /* GKPlayTableViewController_iPhone.m in Sources */,
				CDDBB4B313A4661C006D1970 /* GKPlayTableViewController_iPad.m in Sources */,
				CD3DA5B213A7A51000AFB54C /* NSObject+SBJSON.m in Sources */,
				CD3DA5B313A7A51000AFB54C /* NSString+SBJSON.m in Sources */,
				CD3DA5B413A7A51000AFB54C /* SBJSON.m in Sources */,
				CD3DA5B513A7A51000AFB54C /* SBJsonBase.m in Sources */,
				CD3DA5B613A7A51000AFB54C /* SBJsonParser.m in Sources */,
				CD3DA5B713A7A51000AFB54C /* SBJsonWriter.m in Sources */,
				CDFFC8C013ADD446003F3C31 /* Card.m in Sources */,
				CDEC519513B0E1A500E5FFD3 /* PeerIphoneViewController.m in Sources */,
				CD95F2F81411F73E00C42D70 /* DisclaimerViewController_iPad.m in Sources */,
			);
			runOnlyForDeploymentPostprocessing = 0;
		};
/* End PBXSourcesBuildPhase section */

/* Begin PBXVariantGroup section */
		CD9E40E013A33B9300256BFF /* InfoPlist.strings */ = {
			isa = PBXVariantGroup;
			children = (
				CD9E40E113A33B9300256BFF /* en */,
			);
			name = InfoPlist.strings;
			sourceTree = "<group>";
		};
		CD9E40ED13A33B9300256BFF /* MainWindow_iPhone.xib */ = {
			isa = PBXVariantGroup;
			children = (
				CD9E40EE13A33B9300256BFF /* en */,
			);
			name = MainWindow_iPhone.xib;
			sourceTree = "<group>";
		};
		CD9E40F413A33B9300256BFF /* MainWindow_iPad.xib */ = {
			isa = PBXVariantGroup;
			children = (
				CD9E40F513A33B9300256BFF /* en */,
			);
			name = MainWindow_iPad.xib;
			sourceTree = "<group>";
		};
/* End PBXVariantGroup section */

/* Begin XCBuildConfiguration section */
		CD9E40F713A33B9300256BFF /* Debug */ = {
			isa = XCBuildConfiguration;
			buildSettings = {
				ARCHS = "$(ARCHS_STANDARD_32_BIT)";
				CODE_SIGN_IDENTITY = "iPhone Developer";
				"CODE_SIGN_IDENTITY[sdk=iphoneos*]" = "iPhone Developer";
				GCC_C_LANGUAGE_STANDARD = gnu99;
				GCC_OPTIMIZATION_LEVEL = 0;
				GCC_PREPROCESSOR_DEFINITIONS = DEBUG;
				GCC_SYMBOLS_PRIVATE_EXTERN = NO;
				GCC_VERSION = com.apple.compilers.llvmgcc42;
				GCC_WARN_ABOUT_RETURN_TYPE = YES;
				GCC_WARN_UNUSED_VARIABLE = YES;
				IPHONEOS_DEPLOYMENT_TARGET = 4.2;
				PROVISIONING_PROFILE = "";
				"PROVISIONING_PROFILE[sdk=iphoneos*]" = "";
				SDKROOT = iphoneos;
				TARGETED_DEVICE_FAMILY = "1,2";
			};
			name = Debug;
		};
		CD9E40F813A33B9300256BFF /* Release */ = {
			isa = XCBuildConfiguration;
			buildSettings = {
				ARCHS = "$(ARCHS_STANDARD_32_BIT)";
				CODE_SIGN_IDENTITY = "iPhone Developer";
				"CODE_SIGN_IDENTITY[sdk=iphoneos*]" = "iPhone Developer";
				GCC_C_LANGUAGE_STANDARD = gnu99;
				GCC_VERSION = com.apple.compilers.llvmgcc42;
				GCC_WARN_ABOUT_RETURN_TYPE = YES;
				GCC_WARN_UNUSED_VARIABLE = YES;
				IPHONEOS_DEPLOYMENT_TARGET = 4.2;
				OTHER_CFLAGS = "-DNS_BLOCK_ASSERTIONS=1";
				PROVISIONING_PROFILE = "";
				"PROVISIONING_PROFILE[sdk=iphoneos*]" = "";
				SDKROOT = iphoneos;
				TARGETED_DEVICE_FAMILY = "1,2";
			};
			name = Release;
		};
		CD9E40FA13A33B9300256BFF /* Debug */ = {
			isa = XCBuildConfiguration;
			buildSettings = {
				ALWAYS_SEARCH_USER_PATHS = NO;
				CODE_SIGN_IDENTITY = "iPhone Developer";
				"CODE_SIGN_IDENTITY[sdk=iphoneos*]" = "iPhone Developer";
				COPY_PHASE_STRIP = NO;
				GCC_DYNAMIC_NO_PIC = NO;
				GCC_PRECOMPILE_PREFIX_HEADER = YES;
				GCC_PREFIX_HEADER = "GKCard/GKCard-Prefix.pch";
				GCC_VERSION = com.apple.compilers.llvm.clang.1_0;
				INFOPLIST_FILE = "GKCard/GKCard-Info.plist";
				IPHONEOS_DEPLOYMENT_TARGET = 4.2;
				PRODUCT_NAME = "$(TARGET_NAME)";
				PROVISIONING_PROFILE = "";
				"PROVISIONING_PROFILE[sdk=iphoneos*]" = "";
				WRAPPER_EXTENSION = app;
			};
			name = Debug;
		};
		CD9E40FB13A33B9300256BFF /* Release */ = {
			isa = XCBuildConfiguration;
			buildSettings = {
				ALWAYS_SEARCH_USER_PATHS = NO;
				CODE_SIGN_IDENTITY = "iPhone Developer";
				"CODE_SIGN_IDENTITY[sdk=iphoneos*]" = "iPhone Developer";
				COPY_PHASE_STRIP = YES;
				GCC_PRECOMPILE_PREFIX_HEADER = YES;
				GCC_PREFIX_HEADER = "GKCard/GKCard-Prefix.pch";
				GCC_VERSION = com.apple.compilers.llvm.clang.1_0;
				INFOPLIST_FILE = "GKCard/GKCard-Info.plist";
				IPHONEOS_DEPLOYMENT_TARGET = 4.2;
				PRODUCT_NAME = "$(TARGET_NAME)";
				PROVISIONING_PROFILE = "";
				"PROVISIONING_PROFILE[sdk=iphoneos*]" = "";
				VALIDATE_PRODUCT = YES;
				WRAPPER_EXTENSION = app;
			};
			name = Release;
		};
/* End XCBuildConfiguration section */

/* Begin XCConfigurationList section */
		CD9E40CD13A33B9300256BFF /* Build configuration list for PBXProject "GKCard" */ = {
			isa = XCConfigurationList;
			buildConfigurations = (
				CD9E40F713A33B9300256BFF /* Debug */,
				CD9E40F813A33B9300256BFF /* Release */,
			);
			defaultConfigurationIsVisible = 0;
			defaultConfigurationName = Release;
		};
		CD9E40F913A33B9300256BFF /* Build configuration list for PBXNativeTarget "GKCard" */ = {
			isa = XCConfigurationList;
			buildConfigurations = (
				CD9E40FA13A33B9300256BFF /* Debug */,
				CD9E40FB13A33B9300256BFF /* Release */,
			);
			defaultConfigurationIsVisible = 0;
			defaultConfigurationName = Release;
		};
/* End XCConfigurationList section */
	};
	rootObject = CD9E40CA13A33B9300256BFF /* Project object */;
}
