// !$*UTF8*$!
{
	archiveVersion = 1;
	classes = {
	};
	objectVersion = 46;
	objects = {

/* Begin PBXBuildFile section */
		CD34B31913A65C0C00B2B254 /* iphone.png in Resources */ = {isa = PBXBuildFile; fileRef = CD34B31813A65C0C00B2B254 /* iphone.png */; };
		CD3DA5B213A7A51000AFB54C /* NSObject+SBJSON.m in Sources */ = {isa = PBXBuildFile; fileRef = CD3DA5A713A7A51000AFB54C /* NSObject+SBJSON.m */; };
		CD3DA5B313A7A51000AFB54C /* NSString+SBJSON.m in Sources */ = {isa = PBXBuildFile; fileRef = CD3DA5A913A7A51000AFB54C /* NSString+SBJSON.m */; };
		CD3DA5B413A7A51000AFB54C /* SBJSON.m in Sources */ = {isa = PBXBuildFile; fileRef = CD3DA5AB13A7A51000AFB54C /* SBJSON.m */; };
		CD3DA5B513A7A51000AFB54C /* SBJsonBase.m in Sources */ = {isa = PBXBuildFile; fileRef = CD3DA5AD13A7A51000AFB54C /* SBJsonBase.m */; };
		CD3DA5B613A7A51000AFB54C /* SBJsonParser.m in Sources */ = {isa = PBXBuildFile; fileRef = CD3DA5AF13A7A51000AFB54C /* SBJsonParser.m */; };
		CD3DA5B713A7A51000AFB54C /* SBJsonWriter.m in Sources */ = {isa = PBXBuildFile; fileRef = CD3DA5B113A7A51000AFB54C /* SBJsonWriter.m */; };
		CD9E40D813A33B9300256BFF /* UIKit.framework in Frameworks */ = {isa = PBXBuildFile; fileRef = CD9E40D713A33B9300256BFF /* UIKit.framework */; };
		CD9E40DA13A33B9300256BFF /* Foundation.framework in Frameworks */ = {isa = PBXBuildFile; fileRef = CD9E40D913A33B9300256BFF /* Foundation.framework */; };
		CD9E40DC13A33B9300256BFF /* CoreGraphics.framework in Frameworks */ = {isa = PBXBuildFile; fileRef = CD9E40DB13A33B9300256BFF /* CoreGraphics.framework */; };
		CD9E40E213A33B9300256BFF /* InfoPlist.strings in Resources */ = {isa = PBXBuildFile; fileRef = CD9E40E013A33B9300256BFF /* InfoPlist.strings */; };
		CD9E40E513A33B9300256BFF /* main.m in Sources */ = {isa = PBXBuildFile; fileRef = CD9E40E413A33B9300256BFF /* main.m */; };
		CD9E40E813A33B9300256BFF /* GKCardAppDelegate.m in Sources */ = {isa = PBXBuildFile; fileRef = CD9E40E713A33B9300256BFF /* GKCardAppDelegate.m */; };
		CD9E40EC13A33B9300256BFF /* GKCardAppDelegate_iPhone.m in Sources */ = {isa = PBXBuildFile; fileRef = CD9E40EB13A33B9300256BFF /* GKCardAppDelegate_iPhone.m */; };
		CD9E40EF13A33B9300256BFF /* MainWindow_iPhone.xib in Resources */ = {isa = PBXBuildFile; fileRef = CD9E40ED13A33B9300256BFF /* MainWindow_iPhone.xib */; };
		CD9E40F313A33B9300256BFF /* GKCardAppDelegate_iPad.m in Sources */ = {isa = PBXBuildFile; fileRef = CD9E40F213A33B9300256BFF /* GKCardAppDelegate_iPad.m */; };
		CD9E40F613A33B9300256BFF /* MainWindow_iPad.xib in Resources */ = {isa = PBXBuildFile; fileRef = CD9E40F413A33B9300256BFF /* MainWindow_iPad.xib */; };
		CD9E40FF13A33C3F00256BFF /* GKCardViewController_iPhone.m in Sources */ = {isa = PBXBuildFile; fileRef = CD9E40FD13A33C3F00256BFF /* GKCardViewController_iPhone.m */; };
		CD9E410013A33C3F00256BFF /* GKCardViewController_iPhone.xib in Resources */ = {isa = PBXBuildFile; fileRef = CD9E40FE13A33C3F00256BFF /* GKCardViewController_iPhone.xib */; };
		CD9E410413A33C7800256BFF /* GKCardViewController_iPad.m in Sources */ = {isa = PBXBuildFile; fileRef = CD9E410213A33C7800256BFF /* GKCardViewController_iPad.m */; };
		CD9E410513A33C7800256BFF /* GKCardViewController_iPad.xib in Resources */ = {isa = PBXBuildFile; fileRef = CD9E410313A33C7800256BFF /* GKCardViewController_iPad.xib */; };
		CD9E410C13A34E4900256BFF /* 2_spades.png in Resources */ = {isa = PBXBuildFile; fileRef = CD9E410713A34E4900256BFF /* 2_spades.png */; };
		CD9E410D13A34E4900256BFF /* 9_club.png in Resources */ = {isa = PBXBuildFile; fileRef = CD9E410813A34E4900256BFF /* 9_club.png */; };
		CD9E410E13A34E4900256BFF /* a_heart.png in Resources */ = {isa = PBXBuildFile; fileRef = CD9E410913A34E4900256BFF /* a_heart.png */; };
		CD9E410F13A34E4900256BFF /* j_heart.png in Resources */ = {isa = PBXBuildFile; fileRef = CD9E410A13A34E4900256BFF /* j_heart.png */; };
		CD9E411013A34E4900256BFF /* poker_table.jpg in Resources */ = {isa = PBXBuildFile; fileRef = CD9E410B13A34E4900256BFF /* poker_table.jpg */; };
		CD9E411213A3523000256BFF /* backside.jpg in Resources */ = {isa = PBXBuildFile; fileRef = CD9E411113A3523000256BFF /* backside.jpg */; };
		CD9E411413A3648E00256BFF /* CardDeckList.plist in Resources */ = {isa = PBXBuildFile; fileRef = CD9E411313A3648E00256BFF /* CardDeckList.plist */; };
		CD9E411613A36CFA00256BFF /* QuartzCore.framework in Frameworks */ = {isa = PBXBuildFile; fileRef = CD9E411513A36CFA00256BFF /* QuartzCore.framework */; };
		CDDBB4A913A45A8D006D1970 /* GameKit.framework in Frameworks */ = {isa = PBXBuildFile; fileRef = CDDBB4A813A45A8D006D1970 /* GameKit.framework */; };
		CDDBB4AE13A465F7006D1970 /* GKPlayTableViewController_iPhone.m in Sources */ = {isa = PBXBuildFile; fileRef = CDDBB4AC13A465F7006D1970 /* GKPlayTableViewController_iPhone.m */; };
		CDDBB4AF13A465F7006D1970 /* GKPlayTableViewController_iPhone.xib in Resources */ = {isa = PBXBuildFile; fileRef = CDDBB4AD13A465F7006D1970 /* GKPlayTableViewController_iPhone.xib */; };
		CDDBB4B313A4661C006D1970 /* GKPlayTableViewController_iPad.m in Sources */ = {isa = PBXBuildFile; fileRef = CDDBB4B113A4661C006D1970 /* GKPlayTableViewController_iPad.m */; };
		CDDBB4B413A4661C006D1970 /* GKPlayTableViewController_iPad.xib in Resources */ = {isa = PBXBuildFile; fileRef = CDDBB4B213A4661C006D1970 /* GKPlayTableViewController_iPad.xib */; };
		CDDBB4B713A46D0F006D1970 /* card_casino_bg.jpg in Resources */ = {isa = PBXBuildFile; fileRef = CDDBB4B513A46D0F006D1970 /* card_casino_bg.jpg */; };
		CDDBB4B813A46D0F006D1970 /* poker_shiny.jpg in Resources */ = {isa = PBXBuildFile; fileRef = CDDBB4B613A46D0F006D1970 /* poker_shiny.jpg */; };
		CDEC519513B0E1A500E5FFD3 /* PeerIphoneViewController.m in Sources */ = {isa = PBXBuildFile; fileRef = CDEC519313B0E1A500E5FFD3 /* PeerIphoneViewController.m */; };
		CDEC519613B0E1A500E5FFD3 /* PeerIphoneViewController.xib in Resources */ = {isa = PBXBuildFile; fileRef = CDEC519413B0E1A500E5FFD3 /* PeerIphoneViewController.xib */; };
		CDFFC8C013ADD446003F3C31 /* Card.m in Sources */ = {isa = PBXBuildFile; fileRef = CDFFC8BF13ADD446003F3C31 /* Card.m */; };
		CDFFC8C413ADE842003F3C31 /* blue_arrow.png in Resources */ = {isa = PBXBuildFile; fileRef = CDFFC8C213ADE842003F3C31 /* blue_arrow.png */; };
		CDFFC8C513ADE842003F3C31 /* bluetooth_icon.png in Resources */ = {isa = PBXBuildFile; fileRef = CDFFC8C313ADE842003F3C31 /* bluetooth_icon.png */; };
/* End PBXBuildFile section */

/* Begin PBXFileReference section */
		CD34B31813A65C0C00B2B254 /* iphone.png */ = {isa = PBXFileReference; lastKnownFileType = image.png; path = iphone.png; sourceTree = "<group>"; };
		CD3DA5A513A7A51000AFB54C /* JSON.h */ = {isa = PBXFileReference; fileEncoding = 4; lastKnownFileType = sourcecode.c.h; path = JSON.h; sourceTree = "<group>"; };
		CD3DA5A613A7A51000AFB54C /* NSObject+SBJSON.h */ = {isa = PBXFileReference; fileEncoding = 4; lastKnownFileType = sourcecode.c.h; path = "NSObject+SBJSON.h"; sourceTree = "<group>"; };
		CD3DA5A713A7A51000AFB54C /* NSObject+SBJSON.m */ = {isa = PBXFileReference; fileEncoding = 4; lastKnownFileType = sourcecode.c.objc; path = "NSObject+SBJSON.m"; sourceTree = "<group>"; };
		CD3DA5A813A7A51000AFB54C /* NSString+SBJSON.h */ = {isa = PBXFileReference; fileEncoding = 4; lastKnownFileType = sourcecode.c.h; path = "NSString+SBJSON.h"; sourceTree = "<group>"; };
		CD3DA5A913A7A51000AFB54C /* NSString+SBJSON.m */ = {isa = PBXFileReference; fileEncoding = 4; lastKnownFileType = sourcecode.c.objc; path = "NSString+SBJSON.m"; sourceTree = "<group>"; };
		CD3DA5AA13A7A51000AFB54C /* SBJSON.h */ = {isa = PBXFileReference; fileEncoding = 4; lastKnownFileType = sourcecode.c.h; path = SBJSON.h; sourceTree = "<group>"; };
		CD3DA5AB13A7A51000AFB54C /* SBJSON.m */ = {isa = PBXFileReference; fileEncoding = 4; lastKnownFileType = sourcecode.c.objc; path = SBJSON.m; sourceTree = "<group>"; };
		CD3DA5AC13A7A51000AFB54C /* SBJsonBase.h */ = {isa = PBXFileReference; fileEncoding = 4; lastKnownFileType = sourcecode.c.h; path = SBJsonBase.h; sourceTree = "<group>"; };
		CD3DA5AD13A7A51000AFB54C /* SBJsonBase.m */ = {isa = PBXFileReference; fileEncoding = 4; lastKnownFileType = sourcecode.c.objc; path = SBJsonBase.m; sourceTree = "<group>"; };
		CD3DA5AE13A7A51000AFB54C /* SBJsonParser.h */ = {isa = PBXFileReference; fileEncoding = 4; lastKnownFileType = sourcecode.c.h; path = SBJsonParser.h; sourceTree = "<group>"; };
		CD3DA5AF13A7A51000AFB54C /* SBJsonParser.m */ = {isa = PBXFileReference; fileEncoding = 4; lastKnownFileType = sourcecode.c.objc; path = SBJsonParser.m; sourceTree = "<group>"; };
		CD3DA5B013A7A51000AFB54C /* SBJsonWriter.h */ = {isa = PBXFileReference; fileEncoding = 4; lastKnownFileType = sourcecode.c.h; path = SBJsonWriter.h; sourceTree = "<group>"; };
		CD3DA5B113A7A51000AFB54C /* SBJsonWriter.m */ = {isa = PBXFileReference; fileEncoding = 4; lastKnownFileType = sourcecode.c.objc; path = SBJsonWriter.m; sourceTree = "<group>"; };
		CD9E40D313A33B9300256BFF /* GKCard.app */ = {isa = PBXFileReference; explicitFileType = wrapper.application; includeInIndex = 0; path = GKCard.app; sourceTree = BUILT_PRODUCTS_DIR; };
		CD9E40D713A33B9300256BFF /* UIKit.framework */ = {isa = PBXFileReference; lastKnownFileType = wrapper.framework; name = UIKit.framework; path = System/Library/Frameworks/UIKit.framework; sourceTree = SDKROOT; };
		CD9E40D913A33B9300256BFF /* Foundation.framework */ = {isa = PBXFileReference; lastKnownFileType = wrapper.framework; name = Foundation.framework; path = System/Library/Frameworks/Foundation.framework; sourceTree = SDKROOT; };
		CD9E40DB13A33B9300256BFF /* CoreGraphics.framework */ = {isa = PBXFileReference; lastKnownFileType = wrapper.framework; name = CoreGraphics.framework; path = System/Library/Frameworks/CoreGraphics.framework; sourceTree = SDKROOT; };
		CD9E40DF13A33B9300256BFF /* GKCard-Info.plist */ = {isa = PBXFileReference; lastKnownFileType = text.plist.xml; path = "GKCard-Info.plist"; sourceTree = "<group>"; };
		CD9E40E113A33B9300256BFF /* en */ = {isa = PBXFileReference; lastKnownFileType = text.plist.strings; name = en; path = en.lproj/InfoPlist.strings; sourceTree = "<group>"; };
		CD9E40E313A33B9300256BFF /* GKCard-Prefix.pch */ = {isa = PBXFileReference; lastKnownFileType = sourcecode.c.h; path = "GKCard-Prefix.pch"; sourceTree = "<group>"; };
		CD9E40E413A33B9300256BFF /* main.m */ = {isa = PBXFileReference; lastKnownFileType = sourcecode.c.objc; path = main.m; sourceTree = "<group>"; };
		CD9E40E613A33B9300256BFF /* GKCardAppDelegate.h */ = {isa = PBXFileReference; lastKnownFileType = sourcecode.c.h; path = GKCardAppDelegate.h; sourceTree = "<group>"; };
		CD9E40E713A33B9300256BFF /* GKCardAppDelegate.m */ = {isa = PBXFileReference; lastKnownFileType = sourcecode.c.objc; path = GKCardAppDelegate.m; sourceTree = "<group>"; };
		CD9E40EA13A33B9300256BFF /* GKCardAppDelegate_iPhone.h */ = {isa = PBXFileReference; lastKnownFileType = sourcecode.c.h; name = GKCardAppDelegate_iPhone.h; path = iPhone/GKCardAppDelegate_iPhone.h; sourceTree = "<group>"; };
		CD9E40EB13A33B9300256BFF /* GKCardAppDelegate_iPhone.m */ = {isa = PBXFileReference; lastKnownFileType = sourcecode.c.objc; name = GKCardAppDelegate_iPhone.m; path = iPhone/GKCardAppDelegate_iPhone.m; sourceTree = "<group>"; };
		CD9E40EE13A33B9300256BFF /* en */ = {isa = PBXFileReference; lastKnownFileType = file.xib; name = en; path = iPhone/en.lproj/MainWindow_iPhone.xib; sourceTree = "<group>"; };
		CD9E40F113A33B9300256BFF /* GKCardAppDelegate_iPad.h */ = {isa = PBXFileReference; lastKnownFileType = sourcecode.c.h; name = GKCardAppDelegate_iPad.h; path = iPad/GKCardAppDelegate_iPad.h; sourceTree = "<group>"; };
		CD9E40F213A33B9300256BFF /* GKCardAppDelegate_iPad.m */ = {isa = PBXFileReference; lastKnownFileType = sourcecode.c.objc; name = GKCardAppDelegate_iPad.m; path = iPad/GKCardAppDelegate_iPad.m; sourceTree = "<group>"; };
		CD9E40F513A33B9300256BFF /* en */ = {isa = PBXFileReference; lastKnownFileType = file.xib; name = en; path = iPad/en.lproj/MainWindow_iPad.xib; sourceTree = "<group>"; };
		CD9E40FC13A33C3F00256BFF /* GKCardViewController_iPhone.h */ = {isa = PBXFileReference; fileEncoding = 4; lastKnownFileType = sourcecode.c.h; name = GKCardViewController_iPhone.h; path = iPhone/GKCardViewController_iPhone.h; sourceTree = "<group>"; };
		CD9E40FD13A33C3F00256BFF /* GKCardViewController_iPhone.m */ = {isa = PBXFileReference; fileEncoding = 4; lastKnownFileType = sourcecode.c.objc; name = GKCardViewController_iPhone.m; path = iPhone/GKCardViewController_iPhone.m; sourceTree = "<group>"; };
		CD9E40FE13A33C3F00256BFF /* GKCardViewController_iPhone.xib */ = {isa = PBXFileReference; fileEncoding = 4; lastKnownFileType = file.xib; name = GKCardViewController_iPhone.xib; path = iPhone/GKCardViewController_iPhone.xib; sourceTree = "<group>"; };
		CD9E410113A33C7800256BFF /* GKCardViewController_iPad.h */ = {isa = PBXFileReference; fileEncoding = 4; lastKnownFileType = sourcecode.c.h; name = GKCardViewController_iPad.h; path = iPad/GKCardViewController_iPad.h; sourceTree = "<group>"; };
		CD9E410213A33C7800256BFF /* GKCardViewController_iPad.m */ = {isa = PBXFileReference; fileEncoding = 4; lastKnownFileType = sourcecode.c.objc; name = GKCardViewController_iPad.m; path = iPad/GKCardViewController_iPad.m; sourceTree = "<group>"; };
		CD9E410313A33C7800256BFF /* GKCardViewController_iPad.xib */ = {isa = PBXFileReference; fileEncoding = 4; lastKnownFileType = file.xib; name = GKCardViewController_iPad.xib; path = iPad/GKCardViewController_iPad.xib; sourceTree = "<group>"; };
		CD9E410713A34E4900256BFF /* 2_spades.png */ = {isa = PBXFileReference; lastKnownFileType = image.png; path = 2_spades.png; sourceTree = "<group>"; };
		CD9E410813A34E4900256BFF /* 9_club.png */ = {isa = PBXFileReference; lastKnownFileType = image.png; path = 9_club.png; sourceTree = "<group>"; };
		CD9E410913A34E4900256BFF /* a_heart.png */ = {isa = PBXFileReference; lastKnownFileType = image.png; path = a_heart.png; sourceTree = "<group>"; };
		CD9E410A13A34E4900256BFF /* j_heart.png */ = {isa = PBXFileReference; lastKnownFileType = image.png; path = j_heart.png; sourceTree = "<group>"; };
		CD9E410B13A34E4900256BFF /* poker_table.jpg */ = {isa = PBXFileReference; lastKnownFileType = image.jpeg; path = poker_table.jpg; sourceTree = "<group>"; };
		CD9E411113A3523000256BFF /* backside.jpg */ = {isa = PBXFileReference; lastKnownFileType = image.jpeg; path = backside.jpg; sourceTree = "<group>"; };
		CD9E411313A3648E00256BFF /* CardDeckList.plist */ = {isa = PBXFileReference; fileEncoding = 4; lastKnownFileType = text.plist.xml; path = CardDeckList.plist; sourceTree = "<group>"; };
		CD9E411513A36CFA00256BFF /* QuartzCore.framework */ = {isa = PBXFileReference; lastKnownFileType = wrapper.framework; name = QuartzCore.framework; path = System/Library/Frameworks/QuartzCore.framework; sourceTree = SDKROOT; };
		CDDBB4A813A45A8D006D1970 /* GameKit.framework */ = {isa = PBXFileReference; lastKnownFileType = wrapper.framework; name = GameKit.framework; path = System/Library/Frameworks/GameKit.framework; sourceTree = SDKROOT; };
		CDDBB4AB13A465F7006D1970 /* GKPlayTableViewController_iPhone.h */ = {isa = PBXFileReference; fileEncoding = 4; lastKnownFileType = sourcecode.c.h; name = GKPlayTableViewController_iPhone.h; path = iPhone/GKPlayTableViewController_iPhone.h; sourceTree = "<group>"; };
		CDDBB4AC13A465F7006D1970 /* GKPlayTableViewController_iPhone.m */ = {isa = PBXFileReference; fileEncoding = 4; lastKnownFileType = sourcecode.c.objc; name = GKPlayTableViewController_iPhone.m; path = iPhone/GKPlayTableViewController_iPhone.m; sourceTree = "<group>"; };
		CDDBB4AD13A465F7006D1970 /* GKPlayTableViewController_iPhone.xib */ = {isa = PBXFileReference; fileEncoding = 4; lastKnownFileType = file.xib; name = GKPlayTableViewController_iPhone.xib; path = iPhone/GKPlayTableViewController_iPhone.xib; sourceTree = "<group>"; };
		CDDBB4B013A4661C006D1970 /* GKPlayTableViewController_iPad.h */ = {isa = PBXFileReference; fileEncoding = 4; lastKnownFileType = sourcecode.c.h; name = GKPlayTableViewController_iPad.h; path = iPad/GKPlayTableViewController_iPad.h; sourceTree = "<group>"; };
		CDDBB4B113A4661C006D1970 /* GKPlayTableViewController_iPad.m */ = {isa = PBXFileReference; fileEncoding = 4; lastKnownFileType = sourcecode.c.objc; name = GKPlayTableViewController_iPad.m; path = iPad/GKPlayTableViewController_iPad.m; sourceTree = "<group>"; };
		CDDBB4B213A4661C006D1970 /* GKPlayTableViewController_iPad.xib */ = {isa = PBXFileReference; fileEncoding = 4; lastKnownFileType = file.xib; name = GKPlayTableViewController_iPad.xib; path = iPad/GKPlayTableViewController_iPad.xib; sourceTree = "<group>"; };
		CDDBB4B513A46D0F006D1970 /* card_casino_bg.jpg */ = {isa = PBXFileReference; lastKnownFileType = image.jpeg; path = card_casino_bg.jpg; sourceTree = "<group>"; };
		CDDBB4B613A46D0F006D1970 /* poker_shiny.jpg */ = {isa = PBXFileReference; lastKnownFileType = image.jpeg; path = poker_shiny.jpg; sourceTree = "<group>"; };
		CDEC519213B0E1A500E5FFD3 /* PeerIphoneViewController.h */ = {isa = PBXFileReference; fileEncoding = 4; lastKnownFileType = sourcecode.c.h; name = PeerIphoneViewController.h; path = iPad/PeerIphoneViewController.h; sourceTree = "<group>"; };
		CDEC519313B0E1A500E5FFD3 /* PeerIphoneViewController.m */ = {isa = PBXFileReference; fileEncoding = 4; lastKnownFileType = sourcecode.c.objc; name = PeerIphoneViewController.m; path = iPad/PeerIphoneViewController.m; sourceTree = "<group>"; };
		CDEC519413B0E1A500E5FFD3 /* PeerIphoneViewController.xib */ = {isa = PBXFileReference; fileEncoding = 4; lastKnownFileType = file.xib; name = PeerIphoneViewController.xib; path = iPad/PeerIphoneViewController.xib; sourceTree = "<group>"; };
		CDFFC8BE13ADD446003F3C31 /* Card.h */ = {isa = PBXFileReference; fileEncoding = 4; lastKnownFileType = sourcecode.c.h; path = Card.h; sourceTree = "<group>"; };
		CDFFC8BF13ADD446003F3C31 /* Card.m */ = {isa = PBXFileReference; fileEncoding = 4; lastKnownFileType = sourcecode.c.objc; path = Card.m; sourceTree = "<group>"; };
		CDFFC8C213ADE842003F3C31 /* blue_arrow.png */ = {isa = PBXFileReference; lastKnownFileType = image.png; path = blue_arrow.png; sourceTree = "<group>"; };
		CDFFC8C313ADE842003F3C31 /* bluetooth_icon.png */ = {isa = PBXFileReference; lastKnownFileType = image.png; path = bluetooth_icon.png; sourceTree = "<group>"; };
/* End PBXFileReference section */

/* Begin PBXFrameworksBuildPhase section */
		CD9E40D013A33B9300256BFF /* Frameworks */ = {
			isa = PBXFrameworksBuildPhase;
			buildActionMask = 2147483647;
			files = (
				CDDBB4A913A45A8D006D1970 /* GameKit.framework in Frameworks */,
				CD9E411613A36CFA00256BFF /* QuartzCore.framework in Frameworks */,
				CD9E40D813A33B9300256BFF /* UIKit.framework in Frameworks */,
				CD9E40DA13A33B9300256BFF /* Foundation.framework in Frameworks */,
				CD9E40DC13A33B9300256BFF /* CoreGraphics.framework in Frameworks */,
			);
			runOnlyForDeploymentPostprocessing = 0;
		};
/* End PBXFrameworksBuildPhase section */

/* Begin PBXGroup section */
		CD3DA5A413A7A51000AFB54C /* JSON */ = {
			isa = PBXGroup;
			children = (
				CD3DA5A513A7A51000AFB54C /* JSON.h */,
				CD3DA5A613A7A51000AFB54C /* NSObject+SBJSON.h */,
				CD3DA5A713A7A51000AFB54C /* NSObject+SBJSON.m */,
				CD3DA5A813A7A51000AFB54C /* NSString+SBJSON.h */,
				CD3DA5A913A7A51000AFB54C /* NSString+SBJSON.m */,
				CD3DA5AA13A7A51000AFB54C /* SBJSON.h */,
				CD3DA5AB13A7A51000AFB54C /* SBJSON.m */,
				CD3DA5AC13A7A51000AFB54C /* SBJsonBase.h */,
				CD3DA5AD13A7A51000AFB54C /* SBJsonBase.m */,
				CD3DA5AE13A7A51000AFB54C /* SBJsonParser.h */,
				CD3DA5AF13A7A51000AFB54C /* SBJsonParser.m */,
				CD3DA5B013A7A51000AFB54C /* SBJsonWriter.h */,
				CD3DA5B113A7A51000AFB54C /* SBJsonWriter.m */,
			);
			path = JSON;
			sourceTree = "<group>";
		};
		CD9E40C813A33B9300256BFF = {
			isa = PBXGroup;
			children = (
				CD3DA5A413A7A51000AFB54C /* JSON */,
				CD9E40DD13A33B9300256BFF /* GKCard */,
				CD9E40D613A33B9300256BFF /* Frameworks */,
				CD9E40D413A33B9300256BFF /* Products */,
			);
			sourceTree = "<group>";
		};
		CD9E40D413A33B9300256BFF /* Products */ = {
			isa = PBXGroup;
			children = (
				CD9E40D313A33B9300256BFF /* GKCard.app */,
			);
			name = Products;
			sourceTree = "<group>";
		};
		CD9E40D613A33B9300256BFF /* Frameworks */ = {
			isa = PBXGroup;
			children = (
				CDDBB4A813A45A8D006D1970 /* GameKit.framework */,
				CD9E411513A36CFA00256BFF /* QuartzCore.framework */,
				CD9E40D713A33B9300256BFF /* UIKit.framework */,
				CD9E40D913A33B9300256BFF /* Foundation.framework */,
				CD9E40DB13A33B9300256BFF /* CoreGraphics.framework */,
			);
			name = Frameworks;
			sourceTree = "<group>";
		};
		CD9E40DD13A33B9300256BFF /* GKCard */ = {
			isa = PBXGroup;
			children = (
				CD9E410613A34E4900256BFF /* images */,
				CD9E40E613A33B9300256BFF /* GKCardAppDelegate.h */,
				CD9E40E713A33B9300256BFF /* GKCardAppDelegate.m */,
				CDFFC8BE13ADD446003F3C31 /* Card.h */,
				CDFFC8BF13ADD446003F3C31 /* Card.m */,
				CD9E40E913A33B9300256BFF /* iPhone */,
				CD9E40F013A33B9300256BFF /* iPad */,
				CD9E40DE13A33B9300256BFF /* Supporting Files */,
			);
			path = GKCard;
			sourceTree = "<group>";
		};
		CD9E40DE13A33B9300256BFF /* Supporting Files */ = {
			isa = PBXGroup;
			children = (
				CD9E40DF13A33B9300256BFF /* GKCard-Info.plist */,
				CD9E40E013A33B9300256BFF /* InfoPlist.strings */,
				CD9E40E313A33B9300256BFF /* GKCard-Prefix.pch */,
				CD9E40E413A33B9300256BFF /* main.m */,
				CD9E411313A3648E00256BFF /* CardDeckList.plist */,
			);
			name = "Supporting Files";
			sourceTree = "<group>";
		};
		CD9E40E913A33B9300256BFF /* iPhone */ = {
			isa = PBXGroup;
			children = (
				CD9E40EA13A33B9300256BFF /* GKCardAppDelegate_iPhone.h */,
				CD9E40EB13A33B9300256BFF /* GKCardAppDelegate_iPhone.m */,
				CD9E40ED13A33B9300256BFF /* MainWindow_iPhone.xib */,
				CD9E40FC13A33C3F00256BFF /* GKCardViewController_iPhone.h */,
				CD9E40FD13A33C3F00256BFF /* GKCardViewController_iPhone.m */,
				CD9E40FE13A33C3F00256BFF /* GKCardViewController_iPhone.xib */,
				CDDBB4AB13A465F7006D1970 /* GKPlayTableViewController_iPhone.h */,
				CDDBB4AC13A465F7006D1970 /* GKPlayTableViewController_iPhone.m */,
				CDDBB4AD13A465F7006D1970 /* GKPlayTableViewController_iPhone.xib */,
			);
			name = iPhone;
			sourceTree = "<group>";
		};
		CD9E40F013A33B9300256BFF /* iPad */ = {
			isa = PBXGroup;
			children = (
				CD9E40F113A33B9300256BFF /* GKCardAppDelegate_iPad.h */,
				CD9E40F213A33B9300256BFF /* GKCardAppDelegate_iPad.m */,
				CD9E40F413A33B9300256BFF /* MainWindow_iPad.xib */,
				CD9E410113A33C7800256BFF /* GKCardViewController_iPad.h */,
				CD9E410213A33C7800256BFF /* GKCardViewController_iPad.m */,
				CD9E410313A33C7800256BFF /* GKCardViewController_iPad.xib */,
				CDDBB4B013A4661C006D1970 /* GKPlayTableViewController_iPad.h */,
				CDDBB4B113A4661C006D1970 /* GKPlayTableViewController_iPad.m */,
				CDDBB4B213A4661C006D1970 /* GKPlayTableViewController_iPad.xib */,
				CDEC519213B0E1A500E5FFD3 /* PeerIphoneViewController.h */,
				CDEC519313B0E1A500E5FFD3 /* PeerIphoneViewController.m */,
				CDEC519413B0E1A500E5FFD3 /* PeerIphoneViewController.xib */,
			);
			name = iPad;
			sourceTree = "<group>";
		};
		CD9E410613A34E4900256BFF /* images */ = {
			isa = PBXGroup;
			children = (
				CDFFC8C213ADE842003F3C31 /* blue_arrow.png */,
				CDFFC8C313ADE842003F3C31 /* bluetooth_icon.png */,
				CD34B31813A65C0C00B2B254 /* iphone.png */,
				CDDBB4B513A46D0F006D1970 /* card_casino_bg.jpg */,
				CDDBB4B613A46D0F006D1970 /* poker_shiny.jpg */,
				CD9E411113A3523000256BFF /* backside.jpg */,
				CD9E410713A34E4900256BFF /* 2_spades.png */,
				CD9E410813A34E4900256BFF /* 9_club.png */,
				CD9E410913A34E4900256BFF /* a_heart.png */,
				CD9E410A13A34E4900256BFF /* j_heart.png */,
				CD9E410B13A34E4900256BFF /* poker_table.jpg */,
			);
			path = images;
			sourceTree = "<group>";
		};
/* End PBXGroup section */

/* Begin PBXNativeTarget section */
		CD9E40D213A33B9300256BFF /* GKCard */ = {
			isa = PBXNativeTarget;
			buildConfigurationList = CD9E40F913A33B9300256BFF /* Build configuration list for PBXNativeTarget "GKCard" */;
			buildPhases = (
				CD9E40CF13A33B9300256BFF /* Sources */,
				CD9E40D013A33B9300256BFF /* Frameworks */,
				CD9E40D113A33B9300256BFF /* Resources */,
			);
			buildRules = (
			);
			dependencies = (
			);
			name = GKCard;
			productName = GKCard;
			productReference = CD9E40D313A33B9300256BFF /* GKCard.app */;
			productType = "com.apple.product-type.application";
		};
/* End PBXNativeTarget section */

/* Begin PBXProject section */
		CD9E40CA13A33B9300256BFF /* Project object */ = {
			isa = PBXProject;
			buildConfigurationList = CD9E40CD13A33B9300256BFF /* Build configuration list for PBXProject "GKCard" */;
			compatibilityVersion = "Xcode 3.2";
			developmentRegion = English;
			hasScannedForEncodings = 0;
			knownRegions = (
				en,
			);
			mainGroup = CD9E40C813A33B9300256BFF;
			productRefGroup = CD9E40D413A33B9300256BFF /* Products */;
			projectDirPath = "";
			projectRoot = "";
			targets = (
				CD9E40D213A33B9300256BFF /* GKCard */,
			);
		};
/* End PBXProject section */

/* Begin PBXResourcesBuildPhase section */
		CD9E40D113A33B9300256BFF /* Resources */ = {
			isa = PBXResourcesBuildPhase;
			buildActionMask = 2147483647;
			files = (
				CD9E40E213A33B9300256BFF /* InfoPlist.strings in Resources */,
				CD9E40EF13A33B9300256BFF /* MainWindow_iPhone.xib in Resources */,
				CD9E40F613A33B9300256BFF /* MainWindow_iPad.xib in Resources */,
				CD9E410013A33C3F00256BFF /* GKCardViewController_iPhone.xib in Resources */,
				CD9E410513A33C7800256BFF /* GKCardViewController_iPad.xib in Resources */,
				CD9E410C13A34E4900256BFF /* 2_spades.png in Resources */,
				CD9E410D13A34E4900256BFF /* 9_club.png in Resources */,
				CD9E410E13A34E4900256BFF /* a_heart.png in Resources */,
				CD9E410F13A34E4900256BFF /* j_heart.png in Resources */,
				CD9E411013A34E4900256BFF /* poker_table.jpg in Resources */,
				CD9E411213A3523000256BFF /* backside.jpg in Resources */,
				CD9E411413A3648E00256BFF /* CardDeckList.plist in Resources */,
				CDDBB4AF13A465F7006D1970 /* GKPlayTableViewController_iPhone.xib in Resources */,
				CDDBB4B413A4661C006D1970 /* GKPlayTableViewController_iPad.xib in Resources */,
				CDDBB4B713A46D0F006D1970 /* card_casino_bg.jpg in Resources */,
				CDDBB4B813A46D0F006D1970 /* poker_shiny.jpg in Resources */,
				CD34B31913A65C0C00B2B254 /* iphone.png in Resources */,
				CDFFC8C413ADE842003F3C31 /* blue_arrow.png in Resources */,
				CDFFC8C513ADE842003F3C31 /* bluetooth_icon.png in Resources */,
				CDEC519613B0E1A500E5FFD3 /* PeerIphoneViewController.xib in Resources */,
			);
			runOnlyForDeploymentPostprocessing = 0;
		};
/* End PBXResourcesBuildPhase section */

/* Begin PBXSourcesBuildPhase section */
		CD9E40CF13A33B9300256BFF /* Sources */ = {
			isa = PBXSourcesBuildPhase;
			buildActionMask = 2147483647;
			files = (
				CD9E40E513A33B9300256BFF /* main.m in Sources */,
				CD9E40E813A33B9300256BFF /* GKCardAppDelegate.m in Sources */,
				CD9E40EC13A33B9300256BFF /* GKCardAppDelegate_iPhone.m in Sources */,
				CD9E40F313A33B9300256BFF /* GKCardAppDelegate_iPad.m in Sources */,
				CD9E40FF13A33C3F00256BFF /* GKCardViewController_iPhone.m in Sources */,
				CD9E410413A33C7800256BFF /* GKCardViewController_iPad.m in Sources */,
				CDDBB4AE13A465F7006D1970 /* GKPlayTableViewController_iPhone.m in Sources */,
				CDDBB4B313A4661C006D1970 /* GKPlayTableViewController_iPad.m in Sources */,
				CD3DA5B213A7A51000AFB54C /* NSObject+SBJSON.m in Sources */,
				CD3DA5B313A7A51000AFB54C /* NSString+SBJSON.m in Sources */,
				CD3DA5B413A7A51000AFB54C /* SBJSON.m in Sources */,
				CD3DA5B513A7A51000AFB54C /* SBJsonBase.m in Sources */,
				CD3DA5B613A7A51000AFB54C /* SBJsonParser.m in Sources */,
				CD3DA5B713A7A51000AFB54C /* SBJsonWriter.m in Sources */,
				CDFFC8C013ADD446003F3C31 /* Card.m in Sources */,
				CDEC519513B0E1A500E5FFD3 /* PeerIphoneViewController.m in Sources */,
			);
			runOnlyForDeploymentPostprocessing = 0;
		};
/* End PBXSourcesBuildPhase section */

/* Begin PBXVariantGroup section */
		CD9E40E013A33B9300256BFF /* InfoPlist.strings */ = {
			isa = PBXVariantGroup;
			children = (
				CD9E40E113A33B9300256BFF /* en */,
			);
			name = InfoPlist.strings;
			sourceTree = "<group>";
		};
		CD9E40ED13A33B9300256BFF /* MainWindow_iPhone.xib */ = {
			isa = PBXVariantGroup;
			children = (
				CD9E40EE13A33B9300256BFF /* en */,
			);
			name = MainWindow_iPhone.xib;
			sourceTree = "<group>";
		};
		CD9E40F413A33B9300256BFF /* MainWindow_iPad.xib */ = {
			isa = PBXVariantGroup;
			children = (
				CD9E40F513A33B9300256BFF /* en */,
			);
			name = MainWindow_iPad.xib;
			sourceTree = "<group>";
		};
/* End PBXVariantGroup section */

/* Begin XCBuildConfiguration section */
		CD9E40F713A33B9300256BFF /* Debug */ = {
			isa = XCBuildConfiguration;
			buildSettings = {
				ARCHS = "$(ARCHS_STANDARD_32_BIT)";
				"CODE_SIGN_IDENTITY[sdk=iphoneos*]" = "iPhone Developer";
				GCC_C_LANGUAGE_STANDARD = gnu99;
				GCC_OPTIMIZATION_LEVEL = 0;
				GCC_PREPROCESSOR_DEFINITIONS = DEBUG;
				GCC_SYMBOLS_PRIVATE_EXTERN = NO;
				GCC_VERSION = com.apple.compilers.llvmgcc42;
				GCC_WARN_ABOUT_RETURN_TYPE = YES;
				GCC_WARN_UNUSED_VARIABLE = YES;
				IPHONEOS_DEPLOYMENT_TARGET = 4.3;
				SDKROOT = iphoneos;
				TARGETED_DEVICE_FAMILY = "1,2";
			};
			name = Debug;
		};
		CD9E40F813A33B9300256BFF /* Release */ = {
			isa = XCBuildConfiguration;
			buildSettings = {
				ARCHS = "$(ARCHS_STANDARD_32_BIT)";
				"CODE_SIGN_IDENTITY[sdk=iphoneos*]" = "iPhone Developer";
				GCC_C_LANGUAGE_STANDARD = gnu99;
				GCC_VERSION = com.apple.compilers.llvmgcc42;
				GCC_WARN_ABOUT_RETURN_TYPE = YES;
				GCC_WARN_UNUSED_VARIABLE = YES;
				IPHONEOS_DEPLOYMENT_TARGET = 4.3;
				OTHER_CFLAGS = "-DNS_BLOCK_ASSERTIONS=1";
				SDKROOT = iphoneos;
				TARGETED_DEVICE_FAMILY = "1,2";
			};
			name = Release;
		};
		CD9E40FA13A33B9300256BFF /* Debug */ = {
			isa = XCBuildConfiguration;
			buildSettings = {
				ALWAYS_SEARCH_USER_PATHS = NO;
				COPY_PHASE_STRIP = NO;
				GCC_DYNAMIC_NO_PIC = NO;
				GCC_PRECOMPILE_PREFIX_HEADER = YES;
				GCC_PREFIX_HEADER = "GKCard/GKCard-Prefix.pch";
				INFOPLIST_FILE = "GKCard/GKCard-Info.plist";
				PRODUCT_NAME = "$(TARGET_NAME)";
				WRAPPER_EXTENSION = app;
			};
			name = Debug;
		};
		CD9E40FB13A33B9300256BFF /* Release */ = {
			isa = XCBuildConfiguration;
			buildSettings = {
				ALWAYS_SEARCH_USER_PATHS = NO;
				COPY_PHASE_STRIP = YES;
				GCC_PRECOMPILE_PREFIX_HEADER = YES;
				GCC_PREFIX_HEADER = "GKCard/GKCard-Prefix.pch";
				INFOPLIST_FILE = "GKCard/GKCard-Info.plist";
				PRODUCT_NAME = "$(TARGET_NAME)";
				VALIDATE_PRODUCT = YES;
				WRAPPER_EXTENSION = app;
			};
			name = Release;
		};
/* End XCBuildConfiguration section */

/* Begin XCConfigurationList section */
		CD9E40CD13A33B9300256BFF /* Build configuration list for PBXProject "GKCard" */ = {
			isa = XCConfigurationList;
			buildConfigurations = (
				CD9E40F713A33B9300256BFF /* Debug */,
				CD9E40F813A33B9300256BFF /* Release */,
			);
			defaultConfigurationIsVisible = 0;
			defaultConfigurationName = Release;
		};
		CD9E40F913A33B9300256BFF /* Build configuration list for PBXNativeTarget "GKCard" */ = {
			isa = XCConfigurationList;
			buildConfigurations = (
				CD9E40FA13A33B9300256BFF /* Debug */,
				CD9E40FB13A33B9300256BFF /* Release */,
			);
			defaultConfigurationIsVisible = 0;
			defaultConfigurationName = Release;
		};
/* End XCConfigurationList section */
	};
	rootObject = CD9E40CA13A33B9300256BFF /* Project object */;
}
